// !$*UTF8*$!
{
	archiveVersion = 1;
	classes = {
	};
	objectVersion = 56;
	objects = {

/* Begin PBXBuildFile section */
		341065DF2962E1DA001644B0 /* BlueZebraApp.swift in Sources */ = {isa = PBXBuildFile; fileRef = 341065DE2962E1DA001644B0 /* BlueZebraApp.swift */; };
		341065E32962E1DF001644B0 /* Assets.xcassets in Resources */ = {isa = PBXBuildFile; fileRef = 341065E22962E1DF001644B0 /* Assets.xcassets */; };
		341065E62962E1DF001644B0 /* Preview Assets.xcassets in Resources */ = {isa = PBXBuildFile; fileRef = 341065E52962E1DF001644B0 /* Preview Assets.xcassets */; };
		341A0DA52A219F2B00C5B00C /* ChildSizeReader.swift in Sources */ = {isa = PBXBuildFile; fileRef = 341A0DA42A219F2B00C5B00C /* ChildSizeReader.swift */; };
		341A0DA72A21C03400C5B00C /* DataUtilities.swift in Sources */ = {isa = PBXBuildFile; fileRef = 341A0DA62A21C03400C5B00C /* DataUtilities.swift */; };
		341A0DA92A21C09500C5B00C /* DCError.swift in Sources */ = {isa = PBXBuildFile; fileRef = 341A0DA82A21C09500C5B00C /* DCError.swift */; };
		341D53D22A14767700DC28C5 /* ImageAni1.swift in Sources */ = {isa = PBXBuildFile; fileRef = 341D53D12A14767700DC28C5 /* ImageAni1.swift */; };
		341D53D42A1CA41700DC28C5 /* BZEmojiProvider1.swift in Sources */ = {isa = PBXBuildFile; fileRef = 341D53D32A1CA41600DC28C5 /* BZEmojiProvider1.swift */; };
		34403EBD29924DAC00181C94 /* ScreenProperties.swift in Sources */ = {isa = PBXBuildFile; fileRef = 34403EBC29924DAC00181C94 /* ScreenProperties.swift */; };
		3445BEBC297D902A0033269B /* TopLevelView.swift in Sources */ = {isa = PBXBuildFile; fileRef = 3445BEBB297D902A0033269B /* TopLevelView.swift */; };
		3445BEBE297D946B0033269B /* AppDelegate.swift in Sources */ = {isa = PBXBuildFile; fileRef = 3445BEBD297D946B0033269B /* AppDelegate.swift */; };
		344D60EA2A112CA2005FCEA6 /* EmojiPicker in Frameworks */ = {isa = PBXBuildFile; productRef = 344D60E92A112CA2005FCEA6 /* EmojiPicker */; };
		345EEF5329F4173A00861DB9 /* MessageDC+Local.swift in Sources */ = {isa = PBXBuildFile; fileRef = 345EEF5229F4173A00861DB9 /* MessageDC+Local.swift */; };
		345EEF5529F4174E00861DB9 /* MessageDC+Handlers.swift in Sources */ = {isa = PBXBuildFile; fileRef = 345EEF5429F4174E00861DB9 /* MessageDC+Handlers.swift */; };
		345EEF5729F4175B00861DB9 /* MessageDC+Events.swift in Sources */ = {isa = PBXBuildFile; fileRef = 345EEF5629F4175B00861DB9 /* MessageDC+Events.swift */; };
		345EEF5929F4682800861DB9 /* MessagePacket.swift in Sources */ = {isa = PBXBuildFile; fileRef = 345EEF5829F4682800861DB9 /* MessagePacket.swift */; };
		3463275D29935C3D00FACB50 /* ChannelView.swift in Sources */ = {isa = PBXBuildFile; fileRef = 3463275C29935C3D00FACB50 /* ChannelView.swift */; };
		34632763299B7CCA00FACB50 /* NotificationsTab.swift in Sources */ = {isa = PBXBuildFile; fileRef = 34632762299B7CCA00FACB50 /* NotificationsTab.swift */; };
		34632765299B7CD600FACB50 /* ChatsTab.swift in Sources */ = {isa = PBXBuildFile; fileRef = 34632764299B7CD600FACB50 /* ChatsTab.swift */; };
		346879CB298858AF002F3B5E /* SocketIO in Frameworks */ = {isa = PBXBuildFile; productRef = 346879CA298858AF002F3B5E /* SocketIO */; };
		346879CD2988596B002F3B5E /* SocketController.swift in Sources */ = {isa = PBXBuildFile; fileRef = 346879CC2988596B002F3B5E /* SocketController.swift */; };
		346C302D29EACFBF0075107E /* DataPC+Create.swift in Sources */ = {isa = PBXBuildFile; fileRef = 346C302C29EACFBF0075107E /* DataPC+Create.swift */; };
		346C302F29EACFDA0075107E /* DataPC+Update.swift in Sources */ = {isa = PBXBuildFile; fileRef = 346C302E29EACFDA0075107E /* DataPC+Update.swift */; };
		346C303129EAD0BD0075107E /* DataPC+Fetch.swift in Sources */ = {isa = PBXBuildFile; fileRef = 346C303029EAD0BD0075107E /* DataPC+Fetch.swift */; };
		346C303329EAD10A0075107E /* DataPC+Delete.swift in Sources */ = {isa = PBXBuildFile; fileRef = 346C303229EAD10A0075107E /* DataPC+Delete.swift */; };
		346C303529EAD13A0075107E /* DataPC+Reset.swift in Sources */ = {isa = PBXBuildFile; fileRef = 346C303429EAD13A0075107E /* DataPC+Reset.swift */; };
		3475AE8D29EF9CD8001882D4 /* CRPacket.swift in Sources */ = {isa = PBXBuildFile; fileRef = 3475AE8C29EF9CD8001882D4 /* CRPacket.swift */; };
		3475AE8F29EF9DB4001882D4 /* UserPacket.swift in Sources */ = {isa = PBXBuildFile; fileRef = 3475AE8E29EF9DB4001882D4 /* UserPacket.swift */; };
		3475AE9129EF9E18001882D4 /* CDPacket.swift in Sources */ = {isa = PBXBuildFile; fileRef = 3475AE9029EF9E18001882D4 /* CDPacket.swift */; };
		3475AE9629EFB884001882D4 /* ChannelDC+Local.swift in Sources */ = {isa = PBXBuildFile; fileRef = 3475AE9529EFB884001882D4 /* ChannelDC+Local.swift */; };
		3475AE9829EFB8DA001882D4 /* ChannelDC+Handlers.swift in Sources */ = {isa = PBXBuildFile; fileRef = 3475AE9729EFB8DA001882D4 /* ChannelDC+Handlers.swift */; };
		3475AE9A29EFB9B0001882D4 /* ChannelDC+Events.swift in Sources */ = {isa = PBXBuildFile; fileRef = 3475AE9929EFB9B0001882D4 /* ChannelDC+Events.swift */; };
		3475AE9C29EFBC78001882D4 /* UserDC+Local.swift in Sources */ = {isa = PBXBuildFile; fileRef = 3475AE9B29EFBC78001882D4 /* UserDC+Local.swift */; };
		3475AE9E29EFBCAC001882D4 /* UserDC+Handlers.swift in Sources */ = {isa = PBXBuildFile; fileRef = 3475AE9D29EFBCAC001882D4 /* UserDC+Handlers.swift */; };
		3475AEA029EFBD2F001882D4 /* UserDC+Authentication.swift in Sources */ = {isa = PBXBuildFile; fileRef = 3475AE9F29EFBD2F001882D4 /* UserDC+Authentication.swift */; };
		3475AEA229EFBD4A001882D4 /* UserDC+Events.swift in Sources */ = {isa = PBXBuildFile; fileRef = 3475AEA129EFBD4A001882D4 /* UserDC+Events.swift */; };
		34790A34299ACA8F00D51854 /* AccountTab.swift in Sources */ = {isa = PBXBuildFile; fileRef = 34790A33299ACA8F00D51854 /* AccountTab.swift */; };
		3489D5D329F84CC20074EF5E /* ChannelRequest.swift in Sources */ = {isa = PBXBuildFile; fileRef = 3489D5D229F84CC20074EF5E /* ChannelRequest.swift */; };
		3489D5D529F84CDF0074EF5E /* RemoteUser.swift in Sources */ = {isa = PBXBuildFile; fileRef = 3489D5D429F84CDF0074EF5E /* RemoteUser.swift */; };
		3489D5D729F850630074EF5E /* ChannelDeletion.swift in Sources */ = {isa = PBXBuildFile; fileRef = 3489D5D629F850630074EF5E /* ChannelDeletion.swift */; };
		3489D5D929F850AF0074EF5E /* Channel.swift in Sources */ = {isa = PBXBuildFile; fileRef = 3489D5D829F850AF0074EF5E /* Channel.swift */; };
		3489D5DB29F850B70074EF5E /* Team.swift in Sources */ = {isa = PBXBuildFile; fileRef = 3489D5DA29F850B70074EF5E /* Team.swift */; };
		3489D5E129F851F40074EF5E /* Message.swift in Sources */ = {isa = PBXBuildFile; fileRef = 3489D5E029F851F40074EF5E /* Message.swift */; };
		3489D5E329F852320074EF5E /* User.swift in Sources */ = {isa = PBXBuildFile; fileRef = 3489D5E229F852320074EF5E /* User.swift */; };
		3489D5E529F9D90C0074EF5E /* Settings.swift in Sources */ = {isa = PBXBuildFile; fileRef = 3489D5E429F9D90C0074EF5E /* Settings.swift */; };
		34938E1029675D1800EA95CF /* UserDC.swift in Sources */ = {isa = PBXBuildFile; fileRef = 34938E0F29675D1700EA95CF /* UserDC.swift */; };
		34938E162967CE6900EA95CF /* Data.xcdatamodeld in Sources */ = {isa = PBXBuildFile; fileRef = 34938E142967CE6900EA95CF /* Data.xcdatamodeld */; };
		34938E1A2967CFDC00EA95CF /* DataPC.swift in Sources */ = {isa = PBXBuildFile; fileRef = 34938E192967CFDC00EA95CF /* DataPC.swift */; };
		34938E1C2967D2B000EA95CF /* ChannelDC.swift in Sources */ = {isa = PBXBuildFile; fileRef = 34938E1B2967D2B000EA95CF /* ChannelDC.swift */; };
		349CE1F02969ECE500F8E4F9 /* ProfileHome.swift in Sources */ = {isa = PBXBuildFile; fileRef = 349CE1EF2969ECE500F8E4F9 /* ProfileHome.swift */; };
		349CE1F22969ECF800F8E4F9 /* ChannelsList.swift in Sources */ = {isa = PBXBuildFile; fileRef = 349CE1F12969ECF800F8E4F9 /* ChannelsList.swift */; };
		349CE200296D353B00F8E4F9 /* Login.swift in Sources */ = {isa = PBXBuildFile; fileRef = 349CE1FF296D353B00F8E4F9 /* Login.swift */; };
		349CE22C296FB15500F8E4F9 /* MessageDC.swift in Sources */ = {isa = PBXBuildFile; fileRef = 349CE22B296FB15500F8E4F9 /* MessageDC.swift */; };
		34AFD46729DD1EC700B2AC74 /* CRView.swift in Sources */ = {isa = PBXBuildFile; fileRef = 34AFD46629DD1EC700B2AC74 /* CRView.swift */; };
		34C839F029CFD9C10093C48B /* DeletionLog.swift in Sources */ = {isa = PBXBuildFile; fileRef = 34C839EF29CFD9C10093C48B /* DeletionLog.swift */; };
		34C839F329CFE23A0093C48B /* AddRURow.swift in Sources */ = {isa = PBXBuildFile; fileRef = 34C839F229CFE23A0093C48B /* AddRURow.swift */; };
		34C839F729CFE6110093C48B /* CRRow.swift in Sources */ = {isa = PBXBuildFile; fileRef = 34C839F629CFE6110093C48B /* CRRow.swift */; };
		34D3494229C1C47400FD7C8B /* ChannelDCEventQueue.swift in Sources */ = {isa = PBXBuildFile; fileRef = 34D3494129C1C47400FD7C8B /* ChannelDCEventQueue.swift */; };
		34E1E08329E1FE8C007319C3 /* TextContainer.swift in Sources */ = {isa = PBXBuildFile; fileRef = 34E1E08229E1FE8C007319C3 /* TextContainer.swift */; };
		34E1E08529E21541007319C3 /* TextCellStyle.swift in Sources */ = {isa = PBXBuildFile; fileRef = 34E1E08429E21541007319C3 /* TextCellStyle.swift */; };
		34E1E08729E2222D007319C3 /* Styles.swift in Sources */ = {isa = PBXBuildFile; fileRef = 34E1E08629E2222D007319C3 /* Styles.swift */; };
		34E1E08C29E25054007319C3 /* KeyboardAwareModifier.swift in Sources */ = {isa = PBXBuildFile; fileRef = 34E1E08B29E25054007319C3 /* KeyboardAwareModifier.swift */; };
		34E1E08F29E25092007319C3 /* EmojiModifier.swift in Sources */ = {isa = PBXBuildFile; fileRef = 34E1E08E29E25092007319C3 /* EmojiModifier.swift */; };
		34F886542A01E4C30096CBF1 /* TeamPacket.swift in Sources */ = {isa = PBXBuildFile; fileRef = 34F886532A01E4C30096CBF1 /* TeamPacket.swift */; };
		34F886562A01E4CB0096CBF1 /* ChannelPacket.swift in Sources */ = {isa = PBXBuildFile; fileRef = 34F886552A01E4CB0096CBF1 /* ChannelPacket.swift */; };
		F00E425C2A48764700CFCD32 /* BorderOverlay.swift in Sources */ = {isa = PBXBuildFile; fileRef = F00E425B2A48764700CFCD32 /* BorderOverlay.swift */; };
		F00E425E2A487B9B00CFCD32 /* FixedText.swift in Sources */ = {isa = PBXBuildFile; fileRef = F00E425D2A487B9B00CFCD32 /* FixedText.swift */; };
		F00E42602A48A66000CFCD32 /* SceneModifier.swift in Sources */ = {isa = PBXBuildFile; fileRef = F00E425F2A48A66000CFCD32 /* SceneModifier.swift */; };
		F00E42622A48C31100CFCD32 /* ConditionalModifier.swift in Sources */ = {isa = PBXBuildFile; fileRef = F00E42612A48C31100CFCD32 /* ConditionalModifier.swift */; };
		F00E42652A4962EA00CFCD32 /* SubmitTextField.swift in Sources */ = {isa = PBXBuildFile; fileRef = F00E42642A4962EA00CFCD32 /* SubmitTextField.swift */; };
		F00E42672A49630200CFCD32 /* DebounceTextField.swift in Sources */ = {isa = PBXBuildFile; fileRef = F00E42662A49630200CFCD32 /* DebounceTextField.swift */; };
		F04AEC3D2A2CBE7500276FF4 /* TextFieldObserver.swift in Sources */ = {isa = PBXBuildFile; fileRef = F04AEC3C2A2CBE7500276FF4 /* TextFieldObserver.swift */; };
		F065C6112A2E8894007E1D9F /* PinBoxes.swift in Sources */ = {isa = PBXBuildFile; fileRef = F065C6102A2E8894007E1D9F /* PinBoxes.swift */; };
		F065C6132A2E8D84007E1D9F /* AuthenticationTab.swift in Sources */ = {isa = PBXBuildFile; fileRef = F065C6122A2E8D84007E1D9F /* AuthenticationTab.swift */; };
		F065C6152A2E8D9A007E1D9F /* EncryptionTab.swift in Sources */ = {isa = PBXBuildFile; fileRef = F065C6142A2E8D9A007E1D9F /* EncryptionTab.swift */; };
		F065C6172A2E8DAB007E1D9F /* PrivacyPolicyTab.swift in Sources */ = {isa = PBXBuildFile; fileRef = F065C6162A2E8DAB007E1D9F /* PrivacyPolicyTab.swift */; };
		F065C61C2A3267D8007E1D9F /* DateUtilities.swift in Sources */ = {isa = PBXBuildFile; fileRef = F065C61B2A3267D8007E1D9F /* DateUtilities.swift */; };
		F065C61E2A3384E4007E1D9F /* DateMed.swift in Sources */ = {isa = PBXBuildFile; fileRef = F065C61D2A3384E4007E1D9F /* DateMed.swift */; };
		F065C6202A3384EB007E1D9F /* TimeLabel.swift in Sources */ = {isa = PBXBuildFile; fileRef = F065C61F2A3384EB007E1D9F /* TimeLabel.swift */; };
		F065C6222A338D9B007E1D9F /* PEError.swift in Sources */ = {isa = PBXBuildFile; fileRef = F065C6212A338D9B007E1D9F /* PEError.swift */; };
		F07059172A412BAC002571A4 /* RUPacket.swift in Sources */ = {isa = PBXBuildFile; fileRef = F07059162A412BAC002571A4 /* RUPacket.swift */; };
		F09DFA812A438CBB008D4DB1 /* ButtonAni.swift in Sources */ = {isa = PBXBuildFile; fileRef = F09DFA802A438CBB008D4DB1 /* ButtonAni.swift */; };
		F09DFA882A4848F4008D4DB1 /* ExyteMediaPicker in Frameworks */ = {isa = PBXBuildFile; productRef = F09DFA872A4848F4008D4DB1 /* ExyteMediaPicker */; };
		F09DFA8B2A484BE6008D4DB1 /* FilePicker in Frameworks */ = {isa = PBXBuildFile; productRef = F09DFA8A2A484BE6008D4DB1 /* FilePicker */; };
		F0AE43662A49EF7800A1E181 /* EmojiPicker.swift in Sources */ = {isa = PBXBuildFile; fileRef = F0AE43652A49EF7800A1E181 /* EmojiPicker.swift */; };
		F0AE43682A49EF8A00A1E181 /* PaginatedScrollView.swift in Sources */ = {isa = PBXBuildFile; fileRef = F0AE43672A49EF8A00A1E181 /* PaginatedScrollView.swift */; };
		F0AE436A2A4B6C1700A1E181 /* BZSetup.swift in Sources */ = {isa = PBXBuildFile; fileRef = F0AE43692A4B6C1700A1E181 /* BZSetup.swift */; };
		F0AE43722A4B918400A1E181 /* PulsatingImage.swift in Sources */ = {isa = PBXBuildFile; fileRef = F0AE43712A4B918400A1E181 /* PulsatingImage.swift */; };
		F0AE43742A4B92D700A1E181 /* PulsatingCircle.swift in Sources */ = {isa = PBXBuildFile; fileRef = F0AE43732A4B92D700A1E181 /* PulsatingCircle.swift */; };
		F0AE43762A4B95EA00A1E181 /* TabView1.swift in Sources */ = {isa = PBXBuildFile; fileRef = F0AE43752A4B95EA00A1E181 /* TabView1.swift */; };
		F0AE43782A4B961E00A1E181 /* ScrollViewList.swift in Sources */ = {isa = PBXBuildFile; fileRef = F0AE43772A4B961E00A1E181 /* ScrollViewList.swift */; };
		F0AE437A2A4BA25100A1E181 /* VariableText.swift in Sources */ = {isa = PBXBuildFile; fileRef = F0AE43792A4BA25100A1E181 /* VariableText.swift */; };
		F0AE437C2A4BA59F00A1E181 /* LoadingSpinner.swift in Sources */ = {isa = PBXBuildFile; fileRef = F0AE437B2A4BA59F00A1E181 /* LoadingSpinner.swift */; };
		F0AE437E2A4BA89700A1E181 /* ReactionAni.swift in Sources */ = {isa = PBXBuildFile; fileRef = F0AE437D2A4BA89700A1E181 /* ReactionAni.swift */; };
		F0AE43802A4BA8AA00A1E181 /* LikeAni.swift in Sources */ = {isa = PBXBuildFile; fileRef = F0AE437F2A4BA8AA00A1E181 /* LikeAni.swift */; };
		F0AE43822A4BA8C900A1E181 /* ProgressBar.swift in Sources */ = {isa = PBXBuildFile; fileRef = F0AE43812A4BA8C900A1E181 /* ProgressBar.swift */; };
		F0AE43842A4BA8F900A1E181 /* RecordingAni.swift in Sources */ = {isa = PBXBuildFile; fileRef = F0AE43832A4BA8F900A1E181 /* RecordingAni.swift */; };
		F0AE43862A4BA90300A1E181 /* TypingAni.swift in Sources */ = {isa = PBXBuildFile; fileRef = F0AE43852A4BA90300A1E181 /* TypingAni.swift */; };
		F0AE43882A4BA91200A1E181 /* SimpleTextSegment.swift in Sources */ = {isa = PBXBuildFile; fileRef = F0AE43872A4BA91200A1E181 /* SimpleTextSegment.swift */; };
		F0AE438A2A4C498100A1E181 /* ProfileView.swift in Sources */ = {isa = PBXBuildFile; fileRef = F0AE43892A4C498100A1E181 /* ProfileView.swift */; };
		F0AE43902A4E63B200A1E181 /* DestroyAlert.swift in Sources */ = {isa = PBXBuildFile; fileRef = F0AE438F2A4E63B200A1E181 /* DestroyAlert.swift */; };
		F0AE439E2A5385BA00A1E181 /* DateTimeShor.swift in Sources */ = {isa = PBXBuildFile; fileRef = F0AE439D2A5385BA00A1E181 /* DateTimeShor.swift */; };
		F0AE43A02A5385D200A1E181 /* DateTimeMed.swift in Sources */ = {isa = PBXBuildFile; fileRef = F0AE439F2A5385D200A1E181 /* DateTimeMed.swift */; };
		F0AE43A22A5385DF00A1E181 /* DateTimeLong.swift in Sources */ = {isa = PBXBuildFile; fileRef = F0AE43A12A5385DF00A1E181 /* DateTimeLong.swift */; };
		F0AE43A42A538A7100A1E181 /* DateDMY.swift in Sources */ = {isa = PBXBuildFile; fileRef = F0AE43A32A538A7100A1E181 /* DateDMY.swift */; };
		F0AE43A62A53B56800A1E181 /* InfoAlert.swift in Sources */ = {isa = PBXBuildFile; fileRef = F0AE43A52A53B56800A1E181 /* InfoAlert.swift */; };
		F0AE43AA2A53D1EB00A1E181 /* SystemIcon.swift in Sources */ = {isa = PBXBuildFile; fileRef = F0AE43A92A53D1EB00A1E181 /* SystemIcon.swift */; };
		F0AE43AC2A5607BA00A1E181 /* SimpleScrollView.swift in Sources */ = {isa = PBXBuildFile; fileRef = F0AE43AB2A5607BA00A1E181 /* SimpleScrollView.swift */; };
		F0AE43AE2A56FD8200A1E181 /* SignUp.swift in Sources */ = {isa = PBXBuildFile; fileRef = F0AE43AD2A56FD8200A1E181 /* SignUp.swift */; };
		F0AE43B02A5820BC00A1E181 /* SafeAreaScreen.swift in Sources */ = {isa = PBXBuildFile; fileRef = F0AE43AF2A5820BC00A1E181 /* SafeAreaScreen.swift */; };
		F0AE43B22A58240A00A1E181 /* PaddingModifier.swift in Sources */ = {isa = PBXBuildFile; fileRef = F0AE43B12A58240A00A1E181 /* PaddingModifier.swift */; };
		F0AE43B42A60337100A1E181 /* TopLevelTabView.swift in Sources */ = {isa = PBXBuildFile; fileRef = F0AE43B32A60337000A1E181 /* TopLevelTabView.swift */; };
		F0AE43B62A60BF9600A1E181 /* SheetModifier.swift in Sources */ = {isa = PBXBuildFile; fileRef = F0AE43B52A60BF9600A1E181 /* SheetModifier.swift */; };
		F0AE43B82A60E0FB00A1E181 /* TextSegmentView.swift in Sources */ = {isa = PBXBuildFile; fileRef = F0AE43B72A60E0FB00A1E181 /* TextSegmentView.swift */; };
		F0AE43BA2A60E62B00A1E181 /* ImageSegmentView.swift in Sources */ = {isa = PBXBuildFile; fileRef = F0AE43B92A60E62B00A1E181 /* ImageSegmentView.swift */; };
		F0AE43BC2A613AC100A1E181 /* SimpleImageSegment.swift in Sources */ = {isa = PBXBuildFile; fileRef = F0AE43BB2A613AC100A1E181 /* SimpleImageSegment.swift */; };
		F0AE43BE2A62202700A1E181 /* DeletionRow.swift in Sources */ = {isa = PBXBuildFile; fileRef = F0AE43BD2A62202700A1E181 /* DeletionRow.swift */; };
		F0AE43C12A62357D00A1E181 /* MessageScrollView.swift in Sources */ = {isa = PBXBuildFile; fileRef = F0AE43C02A62357D00A1E181 /* MessageScrollView.swift */; };
		F0AE43C32A624B9200A1E181 /* MessageContainer.swift in Sources */ = {isa = PBXBuildFile; fileRef = F0AE43C22A624B9200A1E181 /* MessageContainer.swift */; };
		F0AE43C72A6256A600A1E181 /* ChatInterface.swift in Sources */ = {isa = PBXBuildFile; fileRef = F0AE43C62A6256A600A1E181 /* ChatInterface.swift */; };
		F0AE43C92A626C0600A1E181 /* NavBar.swift in Sources */ = {isa = PBXBuildFile; fileRef = F0AE43C82A626C0600A1E181 /* NavBar.swift */; };
		F0AE43CB2A64B67000A1E181 /* InputContainer.swift in Sources */ = {isa = PBXBuildFile; fileRef = F0AE43CA2A64B67000A1E181 /* InputContainer.swift */; };
		F0AE43CD2A659AB300A1E181 /* ImageContainer.swift in Sources */ = {isa = PBXBuildFile; fileRef = F0AE43CC2A659AB300A1E181 /* ImageContainer.swift */; };
		F0AE43D32A65CB3800A1E181 /* DeletedContainer.swift in Sources */ = {isa = PBXBuildFile; fileRef = F0AE43D22A65CB3800A1E181 /* DeletedContainer.swift */; };
		F0AE43D52A66209500A1E181 /* ChatState.swift in Sources */ = {isa = PBXBuildFile; fileRef = F0AE43D42A66209500A1E181 /* ChatState.swift */; };
		F0AE43D82A68E70200A1E181 /* Kingfisher in Frameworks */ = {isa = PBXBuildFile; productRef = F0AE43D72A68E70200A1E181 /* Kingfisher */; };
		F0AE43DC2A6A0DF500A1E181 /* BZImage.swift in Sources */ = {isa = PBXBuildFile; fileRef = F0AE43DB2A6A0DF500A1E181 /* BZImage.swift */; };
		F0AE43DE2A6A1F9F00A1E181 /* IdentifiableImage.swift in Sources */ = {isa = PBXBuildFile; fileRef = F0AE43DD2A6A1F9F00A1E181 /* IdentifiableImage.swift */; };
		F0E311792A36CA5C00CF74B9 /* EmojiIcon.swift in Sources */ = {isa = PBXBuildFile; fileRef = F0E311782A36CA5C00CF74B9 /* EmojiIcon.swift */; };
/* End PBXBuildFile section */

/* Begin PBXFileReference section */
		341065DB2962E1DA001644B0 /* bluezebra.app */ = {isa = PBXFileReference; explicitFileType = wrapper.application; includeInIndex = 0; path = bluezebra.app; sourceTree = BUILT_PRODUCTS_DIR; };
		341065DE2962E1DA001644B0 /* BlueZebraApp.swift */ = {isa = PBXFileReference; lastKnownFileType = sourcecode.swift; path = BlueZebraApp.swift; sourceTree = "<group>"; };
		341065E22962E1DF001644B0 /* Assets.xcassets */ = {isa = PBXFileReference; lastKnownFileType = folder.assetcatalog; path = Assets.xcassets; sourceTree = "<group>"; };
		341065E52962E1DF001644B0 /* Preview Assets.xcassets */ = {isa = PBXFileReference; lastKnownFileType = folder.assetcatalog; path = "Preview Assets.xcassets"; sourceTree = "<group>"; };
		341A0DA42A219F2B00C5B00C /* ChildSizeReader.swift */ = {isa = PBXFileReference; lastKnownFileType = sourcecode.swift; path = ChildSizeReader.swift; sourceTree = "<group>"; };
		341A0DA62A21C03400C5B00C /* DataUtilities.swift */ = {isa = PBXFileReference; lastKnownFileType = sourcecode.swift; path = DataUtilities.swift; sourceTree = "<group>"; };
		341A0DA82A21C09500C5B00C /* DCError.swift */ = {isa = PBXFileReference; lastKnownFileType = sourcecode.swift; path = DCError.swift; sourceTree = "<group>"; };
		341D53D12A14767700DC28C5 /* ImageAni1.swift */ = {isa = PBXFileReference; lastKnownFileType = sourcecode.swift; path = ImageAni1.swift; sourceTree = "<group>"; };
		341D53D32A1CA41600DC28C5 /* BZEmojiProvider1.swift */ = {isa = PBXFileReference; lastKnownFileType = sourcecode.swift; path = BZEmojiProvider1.swift; sourceTree = "<group>"; };
		34403EBC29924DAC00181C94 /* ScreenProperties.swift */ = {isa = PBXFileReference; lastKnownFileType = sourcecode.swift; path = ScreenProperties.swift; sourceTree = "<group>"; };
		3445BEBB297D902A0033269B /* TopLevelView.swift */ = {isa = PBXFileReference; lastKnownFileType = sourcecode.swift; path = TopLevelView.swift; sourceTree = "<group>"; };
		3445BEBD297D946B0033269B /* AppDelegate.swift */ = {isa = PBXFileReference; lastKnownFileType = sourcecode.swift; path = AppDelegate.swift; sourceTree = "<group>"; };
		345EEF5229F4173A00861DB9 /* MessageDC+Local.swift */ = {isa = PBXFileReference; lastKnownFileType = sourcecode.swift; path = "MessageDC+Local.swift"; sourceTree = "<group>"; };
		345EEF5429F4174E00861DB9 /* MessageDC+Handlers.swift */ = {isa = PBXFileReference; lastKnownFileType = sourcecode.swift; path = "MessageDC+Handlers.swift"; sourceTree = "<group>"; };
		345EEF5629F4175B00861DB9 /* MessageDC+Events.swift */ = {isa = PBXFileReference; lastKnownFileType = sourcecode.swift; path = "MessageDC+Events.swift"; sourceTree = "<group>"; };
		345EEF5829F4682800861DB9 /* MessagePacket.swift */ = {isa = PBXFileReference; lastKnownFileType = sourcecode.swift; path = MessagePacket.swift; sourceTree = "<group>"; };
		3463275C29935C3D00FACB50 /* ChannelView.swift */ = {isa = PBXFileReference; lastKnownFileType = sourcecode.swift; path = ChannelView.swift; sourceTree = "<group>"; };
		34632762299B7CCA00FACB50 /* NotificationsTab.swift */ = {isa = PBXFileReference; lastKnownFileType = sourcecode.swift; path = NotificationsTab.swift; sourceTree = "<group>"; };
		34632764299B7CD600FACB50 /* ChatsTab.swift */ = {isa = PBXFileReference; lastKnownFileType = sourcecode.swift; path = ChatsTab.swift; sourceTree = "<group>"; };
		346879CC2988596B002F3B5E /* SocketController.swift */ = {isa = PBXFileReference; lastKnownFileType = sourcecode.swift; path = SocketController.swift; sourceTree = "<group>"; };
		346879CE29886F12002F3B5E /* Info.plist */ = {isa = PBXFileReference; lastKnownFileType = text.plist; path = Info.plist; sourceTree = "<group>"; };
		346C302C29EACFBF0075107E /* DataPC+Create.swift */ = {isa = PBXFileReference; lastKnownFileType = sourcecode.swift; path = "DataPC+Create.swift"; sourceTree = "<group>"; };
		346C302E29EACFDA0075107E /* DataPC+Update.swift */ = {isa = PBXFileReference; lastKnownFileType = sourcecode.swift; path = "DataPC+Update.swift"; sourceTree = "<group>"; };
		346C303029EAD0BD0075107E /* DataPC+Fetch.swift */ = {isa = PBXFileReference; lastKnownFileType = sourcecode.swift; path = "DataPC+Fetch.swift"; sourceTree = "<group>"; };
		346C303229EAD10A0075107E /* DataPC+Delete.swift */ = {isa = PBXFileReference; lastKnownFileType = sourcecode.swift; path = "DataPC+Delete.swift"; sourceTree = "<group>"; };
		346C303429EAD13A0075107E /* DataPC+Reset.swift */ = {isa = PBXFileReference; lastKnownFileType = sourcecode.swift; path = "DataPC+Reset.swift"; sourceTree = "<group>"; };
		3475AE8C29EF9CD8001882D4 /* CRPacket.swift */ = {isa = PBXFileReference; lastKnownFileType = sourcecode.swift; path = CRPacket.swift; sourceTree = "<group>"; };
		3475AE8E29EF9DB4001882D4 /* UserPacket.swift */ = {isa = PBXFileReference; lastKnownFileType = sourcecode.swift; path = UserPacket.swift; sourceTree = "<group>"; };
		3475AE9029EF9E18001882D4 /* CDPacket.swift */ = {isa = PBXFileReference; lastKnownFileType = sourcecode.swift; path = CDPacket.swift; sourceTree = "<group>"; };
		3475AE9529EFB884001882D4 /* ChannelDC+Local.swift */ = {isa = PBXFileReference; lastKnownFileType = sourcecode.swift; path = "ChannelDC+Local.swift"; sourceTree = "<group>"; };
		3475AE9729EFB8DA001882D4 /* ChannelDC+Handlers.swift */ = {isa = PBXFileReference; lastKnownFileType = sourcecode.swift; path = "ChannelDC+Handlers.swift"; sourceTree = "<group>"; };
		3475AE9929EFB9B0001882D4 /* ChannelDC+Events.swift */ = {isa = PBXFileReference; lastKnownFileType = sourcecode.swift; path = "ChannelDC+Events.swift"; sourceTree = "<group>"; };
		3475AE9B29EFBC78001882D4 /* UserDC+Local.swift */ = {isa = PBXFileReference; lastKnownFileType = sourcecode.swift; path = "UserDC+Local.swift"; sourceTree = "<group>"; };
		3475AE9D29EFBCAC001882D4 /* UserDC+Handlers.swift */ = {isa = PBXFileReference; lastKnownFileType = sourcecode.swift; path = "UserDC+Handlers.swift"; sourceTree = "<group>"; };
		3475AE9F29EFBD2F001882D4 /* UserDC+Authentication.swift */ = {isa = PBXFileReference; lastKnownFileType = sourcecode.swift; path = "UserDC+Authentication.swift"; sourceTree = "<group>"; };
		3475AEA129EFBD4A001882D4 /* UserDC+Events.swift */ = {isa = PBXFileReference; lastKnownFileType = sourcecode.swift; path = "UserDC+Events.swift"; sourceTree = "<group>"; };
		34790A33299ACA8F00D51854 /* AccountTab.swift */ = {isa = PBXFileReference; lastKnownFileType = sourcecode.swift; path = AccountTab.swift; sourceTree = "<group>"; };
		3489D5D229F84CC20074EF5E /* ChannelRequest.swift */ = {isa = PBXFileReference; lastKnownFileType = sourcecode.swift; path = ChannelRequest.swift; sourceTree = "<group>"; };
		3489D5D429F84CDF0074EF5E /* RemoteUser.swift */ = {isa = PBXFileReference; lastKnownFileType = sourcecode.swift; path = RemoteUser.swift; sourceTree = "<group>"; };
		3489D5D629F850630074EF5E /* ChannelDeletion.swift */ = {isa = PBXFileReference; lastKnownFileType = sourcecode.swift; path = ChannelDeletion.swift; sourceTree = "<group>"; };
		3489D5D829F850AF0074EF5E /* Channel.swift */ = {isa = PBXFileReference; lastKnownFileType = sourcecode.swift; path = Channel.swift; sourceTree = "<group>"; };
		3489D5DA29F850B70074EF5E /* Team.swift */ = {isa = PBXFileReference; lastKnownFileType = sourcecode.swift; path = Team.swift; sourceTree = "<group>"; };
		3489D5E029F851F40074EF5E /* Message.swift */ = {isa = PBXFileReference; lastKnownFileType = sourcecode.swift; path = Message.swift; sourceTree = "<group>"; };
		3489D5E229F852320074EF5E /* User.swift */ = {isa = PBXFileReference; lastKnownFileType = sourcecode.swift; path = User.swift; sourceTree = "<group>"; };
		3489D5E429F9D90C0074EF5E /* Settings.swift */ = {isa = PBXFileReference; lastKnownFileType = sourcecode.swift; path = Settings.swift; sourceTree = "<group>"; };
		34938E0F29675D1700EA95CF /* UserDC.swift */ = {isa = PBXFileReference; lastKnownFileType = sourcecode.swift; path = UserDC.swift; sourceTree = "<group>"; };
		34938E152967CE6900EA95CF /* Channels.xcdatamodel */ = {isa = PBXFileReference; lastKnownFileType = wrapper.xcdatamodel; path = Channels.xcdatamodel; sourceTree = "<group>"; };
		34938E192967CFDC00EA95CF /* DataPC.swift */ = {isa = PBXFileReference; lastKnownFileType = sourcecode.swift; path = DataPC.swift; sourceTree = "<group>"; };
		34938E1B2967D2B000EA95CF /* ChannelDC.swift */ = {isa = PBXFileReference; lastKnownFileType = sourcecode.swift; path = ChannelDC.swift; sourceTree = "<group>"; };
		349CE1EF2969ECE500F8E4F9 /* ProfileHome.swift */ = {isa = PBXFileReference; lastKnownFileType = sourcecode.swift; path = ProfileHome.swift; sourceTree = "<group>"; };
		349CE1F12969ECF800F8E4F9 /* ChannelsList.swift */ = {isa = PBXFileReference; lastKnownFileType = sourcecode.swift; path = ChannelsList.swift; sourceTree = "<group>"; };
		349CE1FF296D353B00F8E4F9 /* Login.swift */ = {isa = PBXFileReference; lastKnownFileType = sourcecode.swift; path = Login.swift; sourceTree = "<group>"; };
		349CE22B296FB15500F8E4F9 /* MessageDC.swift */ = {isa = PBXFileReference; lastKnownFileType = sourcecode.swift; path = MessageDC.swift; sourceTree = "<group>"; };
		34AFD46629DD1EC700B2AC74 /* CRView.swift */ = {isa = PBXFileReference; lastKnownFileType = sourcecode.swift; path = CRView.swift; sourceTree = "<group>"; };
		34C839EF29CFD9C10093C48B /* DeletionLog.swift */ = {isa = PBXFileReference; lastKnownFileType = sourcecode.swift; path = DeletionLog.swift; sourceTree = "<group>"; };
		34C839F229CFE23A0093C48B /* AddRURow.swift */ = {isa = PBXFileReference; lastKnownFileType = sourcecode.swift; path = AddRURow.swift; sourceTree = "<group>"; };
		34C839F629CFE6110093C48B /* CRRow.swift */ = {isa = PBXFileReference; lastKnownFileType = sourcecode.swift; path = CRRow.swift; sourceTree = "<group>"; };
		34D3494129C1C47400FD7C8B /* ChannelDCEventQueue.swift */ = {isa = PBXFileReference; lastKnownFileType = sourcecode.swift; path = ChannelDCEventQueue.swift; sourceTree = "<group>"; };
		34E1E08229E1FE8C007319C3 /* TextContainer.swift */ = {isa = PBXFileReference; lastKnownFileType = sourcecode.swift; path = TextContainer.swift; sourceTree = "<group>"; };
		34E1E08429E21541007319C3 /* TextCellStyle.swift */ = {isa = PBXFileReference; lastKnownFileType = sourcecode.swift; path = TextCellStyle.swift; sourceTree = "<group>"; };
		34E1E08629E2222D007319C3 /* Styles.swift */ = {isa = PBXFileReference; lastKnownFileType = sourcecode.swift; path = Styles.swift; sourceTree = "<group>"; };
		34E1E08B29E25054007319C3 /* KeyboardAwareModifier.swift */ = {isa = PBXFileReference; lastKnownFileType = sourcecode.swift; path = KeyboardAwareModifier.swift; sourceTree = "<group>"; };
		34E1E08E29E25092007319C3 /* EmojiModifier.swift */ = {isa = PBXFileReference; lastKnownFileType = sourcecode.swift; path = EmojiModifier.swift; sourceTree = "<group>"; };
		34F886532A01E4C30096CBF1 /* TeamPacket.swift */ = {isa = PBXFileReference; lastKnownFileType = sourcecode.swift; path = TeamPacket.swift; sourceTree = "<group>"; };
		34F886552A01E4CB0096CBF1 /* ChannelPacket.swift */ = {isa = PBXFileReference; lastKnownFileType = sourcecode.swift; path = ChannelPacket.swift; sourceTree = "<group>"; };
		F00E425B2A48764700CFCD32 /* BorderOverlay.swift */ = {isa = PBXFileReference; lastKnownFileType = sourcecode.swift; path = BorderOverlay.swift; sourceTree = "<group>"; };
		F00E425D2A487B9B00CFCD32 /* FixedText.swift */ = {isa = PBXFileReference; lastKnownFileType = sourcecode.swift; path = FixedText.swift; sourceTree = "<group>"; };
		F00E425F2A48A66000CFCD32 /* SceneModifier.swift */ = {isa = PBXFileReference; lastKnownFileType = sourcecode.swift; path = SceneModifier.swift; sourceTree = "<group>"; };
		F00E42612A48C31100CFCD32 /* ConditionalModifier.swift */ = {isa = PBXFileReference; lastKnownFileType = sourcecode.swift; path = ConditionalModifier.swift; sourceTree = "<group>"; };
		F00E42642A4962EA00CFCD32 /* SubmitTextField.swift */ = {isa = PBXFileReference; lastKnownFileType = sourcecode.swift; path = SubmitTextField.swift; sourceTree = "<group>"; };
		F00E42662A49630200CFCD32 /* DebounceTextField.swift */ = {isa = PBXFileReference; lastKnownFileType = sourcecode.swift; path = DebounceTextField.swift; sourceTree = "<group>"; };
		F04AEC3C2A2CBE7500276FF4 /* TextFieldObserver.swift */ = {isa = PBXFileReference; lastKnownFileType = sourcecode.swift; path = TextFieldObserver.swift; sourceTree = "<group>"; };
		F065C6102A2E8894007E1D9F /* PinBoxes.swift */ = {isa = PBXFileReference; lastKnownFileType = sourcecode.swift; path = PinBoxes.swift; sourceTree = "<group>"; };
		F065C6122A2E8D84007E1D9F /* AuthenticationTab.swift */ = {isa = PBXFileReference; lastKnownFileType = sourcecode.swift; path = AuthenticationTab.swift; sourceTree = "<group>"; };
		F065C6142A2E8D9A007E1D9F /* EncryptionTab.swift */ = {isa = PBXFileReference; lastKnownFileType = sourcecode.swift; path = EncryptionTab.swift; sourceTree = "<group>"; };
		F065C6162A2E8DAB007E1D9F /* PrivacyPolicyTab.swift */ = {isa = PBXFileReference; lastKnownFileType = sourcecode.swift; path = PrivacyPolicyTab.swift; sourceTree = "<group>"; };
		F065C61B2A3267D8007E1D9F /* DateUtilities.swift */ = {isa = PBXFileReference; lastKnownFileType = sourcecode.swift; path = DateUtilities.swift; sourceTree = "<group>"; };
		F065C61D2A3384E4007E1D9F /* DateMed.swift */ = {isa = PBXFileReference; lastKnownFileType = sourcecode.swift; path = DateMed.swift; sourceTree = "<group>"; };
		F065C61F2A3384EB007E1D9F /* TimeLabel.swift */ = {isa = PBXFileReference; lastKnownFileType = sourcecode.swift; path = TimeLabel.swift; sourceTree = "<group>"; };
		F065C6212A338D9B007E1D9F /* PEError.swift */ = {isa = PBXFileReference; lastKnownFileType = sourcecode.swift; path = PEError.swift; sourceTree = "<group>"; };
		F07059162A412BAC002571A4 /* RUPacket.swift */ = {isa = PBXFileReference; lastKnownFileType = sourcecode.swift; path = RUPacket.swift; sourceTree = "<group>"; };
		F09DFA802A438CBB008D4DB1 /* ButtonAni.swift */ = {isa = PBXFileReference; lastKnownFileType = sourcecode.swift; path = ButtonAni.swift; sourceTree = "<group>"; };
		F0AE43652A49EF7800A1E181 /* EmojiPicker.swift */ = {isa = PBXFileReference; lastKnownFileType = sourcecode.swift; path = EmojiPicker.swift; sourceTree = "<group>"; };
		F0AE43672A49EF8A00A1E181 /* PaginatedScrollView.swift */ = {isa = PBXFileReference; lastKnownFileType = sourcecode.swift; path = PaginatedScrollView.swift; sourceTree = "<group>"; };
		F0AE43692A4B6C1700A1E181 /* BZSetup.swift */ = {isa = PBXFileReference; lastKnownFileType = sourcecode.swift; path = BZSetup.swift; sourceTree = "<group>"; };
		F0AE43712A4B918400A1E181 /* PulsatingImage.swift */ = {isa = PBXFileReference; lastKnownFileType = sourcecode.swift; path = PulsatingImage.swift; sourceTree = "<group>"; };
		F0AE43732A4B92D700A1E181 /* PulsatingCircle.swift */ = {isa = PBXFileReference; lastKnownFileType = sourcecode.swift; path = PulsatingCircle.swift; sourceTree = "<group>"; };
		F0AE43752A4B95EA00A1E181 /* TabView1.swift */ = {isa = PBXFileReference; lastKnownFileType = sourcecode.swift; path = TabView1.swift; sourceTree = "<group>"; };
		F0AE43772A4B961E00A1E181 /* ScrollViewList.swift */ = {isa = PBXFileReference; lastKnownFileType = sourcecode.swift; path = ScrollViewList.swift; sourceTree = "<group>"; };
		F0AE43792A4BA25100A1E181 /* VariableText.swift */ = {isa = PBXFileReference; lastKnownFileType = sourcecode.swift; path = VariableText.swift; sourceTree = "<group>"; };
		F0AE437B2A4BA59F00A1E181 /* LoadingSpinner.swift */ = {isa = PBXFileReference; lastKnownFileType = sourcecode.swift; path = LoadingSpinner.swift; sourceTree = "<group>"; };
		F0AE437D2A4BA89700A1E181 /* ReactionAni.swift */ = {isa = PBXFileReference; lastKnownFileType = sourcecode.swift; path = ReactionAni.swift; sourceTree = "<group>"; };
		F0AE437F2A4BA8AA00A1E181 /* LikeAni.swift */ = {isa = PBXFileReference; lastKnownFileType = sourcecode.swift; path = LikeAni.swift; sourceTree = "<group>"; };
		F0AE43812A4BA8C900A1E181 /* ProgressBar.swift */ = {isa = PBXFileReference; lastKnownFileType = sourcecode.swift; path = ProgressBar.swift; sourceTree = "<group>"; };
		F0AE43832A4BA8F900A1E181 /* RecordingAni.swift */ = {isa = PBXFileReference; lastKnownFileType = sourcecode.swift; path = RecordingAni.swift; sourceTree = "<group>"; };
		F0AE43852A4BA90300A1E181 /* TypingAni.swift */ = {isa = PBXFileReference; lastKnownFileType = sourcecode.swift; path = TypingAni.swift; sourceTree = "<group>"; };
		F0AE43872A4BA91200A1E181 /* SimpleTextSegment.swift */ = {isa = PBXFileReference; lastKnownFileType = sourcecode.swift; path = SimpleTextSegment.swift; sourceTree = "<group>"; };
		F0AE43892A4C498100A1E181 /* ProfileView.swift */ = {isa = PBXFileReference; lastKnownFileType = sourcecode.swift; path = ProfileView.swift; sourceTree = "<group>"; };
		F0AE438F2A4E63B200A1E181 /* DestroyAlert.swift */ = {isa = PBXFileReference; lastKnownFileType = sourcecode.swift; path = DestroyAlert.swift; sourceTree = "<group>"; };
		F0AE439D2A5385BA00A1E181 /* DateTimeShor.swift */ = {isa = PBXFileReference; lastKnownFileType = sourcecode.swift; path = DateTimeShor.swift; sourceTree = "<group>"; };
		F0AE439F2A5385D200A1E181 /* DateTimeMed.swift */ = {isa = PBXFileReference; lastKnownFileType = sourcecode.swift; path = DateTimeMed.swift; sourceTree = "<group>"; };
		F0AE43A12A5385DF00A1E181 /* DateTimeLong.swift */ = {isa = PBXFileReference; lastKnownFileType = sourcecode.swift; path = DateTimeLong.swift; sourceTree = "<group>"; };
		F0AE43A32A538A7100A1E181 /* DateDMY.swift */ = {isa = PBXFileReference; lastKnownFileType = sourcecode.swift; path = DateDMY.swift; sourceTree = "<group>"; };
		F0AE43A52A53B56800A1E181 /* InfoAlert.swift */ = {isa = PBXFileReference; lastKnownFileType = sourcecode.swift; path = InfoAlert.swift; sourceTree = "<group>"; };
		F0AE43A92A53D1EB00A1E181 /* SystemIcon.swift */ = {isa = PBXFileReference; lastKnownFileType = sourcecode.swift; path = SystemIcon.swift; sourceTree = "<group>"; };
		F0AE43AB2A5607BA00A1E181 /* SimpleScrollView.swift */ = {isa = PBXFileReference; lastKnownFileType = sourcecode.swift; path = SimpleScrollView.swift; sourceTree = "<group>"; };
		F0AE43AD2A56FD8200A1E181 /* SignUp.swift */ = {isa = PBXFileReference; lastKnownFileType = sourcecode.swift; path = SignUp.swift; sourceTree = "<group>"; };
		F0AE43AF2A5820BC00A1E181 /* SafeAreaScreen.swift */ = {isa = PBXFileReference; lastKnownFileType = sourcecode.swift; path = SafeAreaScreen.swift; sourceTree = "<group>"; };
		F0AE43B12A58240A00A1E181 /* PaddingModifier.swift */ = {isa = PBXFileReference; lastKnownFileType = sourcecode.swift; path = PaddingModifier.swift; sourceTree = "<group>"; };
		F0AE43B32A60337000A1E181 /* TopLevelTabView.swift */ = {isa = PBXFileReference; lastKnownFileType = sourcecode.swift; path = TopLevelTabView.swift; sourceTree = "<group>"; };
		F0AE43B52A60BF9600A1E181 /* SheetModifier.swift */ = {isa = PBXFileReference; lastKnownFileType = sourcecode.swift; path = SheetModifier.swift; sourceTree = "<group>"; };
		F0AE43B72A60E0FB00A1E181 /* TextSegmentView.swift */ = {isa = PBXFileReference; lastKnownFileType = sourcecode.swift; path = TextSegmentView.swift; sourceTree = "<group>"; };
		F0AE43B92A60E62B00A1E181 /* ImageSegmentView.swift */ = {isa = PBXFileReference; lastKnownFileType = sourcecode.swift; path = ImageSegmentView.swift; sourceTree = "<group>"; };
		F0AE43BB2A613AC100A1E181 /* SimpleImageSegment.swift */ = {isa = PBXFileReference; lastKnownFileType = sourcecode.swift; path = SimpleImageSegment.swift; sourceTree = "<group>"; };
		F0AE43BD2A62202700A1E181 /* DeletionRow.swift */ = {isa = PBXFileReference; lastKnownFileType = sourcecode.swift; path = DeletionRow.swift; sourceTree = "<group>"; };
		F0AE43C02A62357D00A1E181 /* MessageScrollView.swift */ = {isa = PBXFileReference; lastKnownFileType = sourcecode.swift; path = MessageScrollView.swift; sourceTree = "<group>"; };
		F0AE43C22A624B9200A1E181 /* MessageContainer.swift */ = {isa = PBXFileReference; lastKnownFileType = sourcecode.swift; path = MessageContainer.swift; sourceTree = "<group>"; };
		F0AE43C62A6256A600A1E181 /* ChatInterface.swift */ = {isa = PBXFileReference; lastKnownFileType = sourcecode.swift; path = ChatInterface.swift; sourceTree = "<group>"; };
		F0AE43C82A626C0600A1E181 /* NavBar.swift */ = {isa = PBXFileReference; lastKnownFileType = sourcecode.swift; path = NavBar.swift; sourceTree = "<group>"; };
		F0AE43CA2A64B67000A1E181 /* InputContainer.swift */ = {isa = PBXFileReference; lastKnownFileType = sourcecode.swift; path = InputContainer.swift; sourceTree = "<group>"; };
		F0AE43CC2A659AB300A1E181 /* ImageContainer.swift */ = {isa = PBXFileReference; lastKnownFileType = sourcecode.swift; path = ImageContainer.swift; sourceTree = "<group>"; };
		F0AE43D22A65CB3800A1E181 /* DeletedContainer.swift */ = {isa = PBXFileReference; lastKnownFileType = sourcecode.swift; path = DeletedContainer.swift; sourceTree = "<group>"; };
		F0AE43D42A66209500A1E181 /* ChatState.swift */ = {isa = PBXFileReference; lastKnownFileType = sourcecode.swift; path = ChatState.swift; sourceTree = "<group>"; };
		F0AE43DB2A6A0DF500A1E181 /* BZImage.swift */ = {isa = PBXFileReference; lastKnownFileType = sourcecode.swift; path = BZImage.swift; sourceTree = "<group>"; };
		F0AE43DD2A6A1F9F00A1E181 /* IdentifiableImage.swift */ = {isa = PBXFileReference; lastKnownFileType = sourcecode.swift; path = IdentifiableImage.swift; sourceTree = "<group>"; };
		F0E311782A36CA5C00CF74B9 /* EmojiIcon.swift */ = {isa = PBXFileReference; lastKnownFileType = sourcecode.swift; path = EmojiIcon.swift; sourceTree = "<group>"; };
/* End PBXFileReference section */

/* Begin PBXFrameworksBuildPhase section */
		341065D82962E1DA001644B0 /* Frameworks */ = {
			isa = PBXFrameworksBuildPhase;
			buildActionMask = 2147483647;
			files = (
				F09DFA8B2A484BE6008D4DB1 /* FilePicker in Frameworks */,
				F09DFA882A4848F4008D4DB1 /* ExyteMediaPicker in Frameworks */,
				346879CB298858AF002F3B5E /* SocketIO in Frameworks */,
				344D60EA2A112CA2005FCEA6 /* EmojiPicker in Frameworks */,
				F0AE43D82A68E70200A1E181 /* Kingfisher in Frameworks */,
			);
			runOnlyForDeploymentPostprocessing = 0;
		};
/* End PBXFrameworksBuildPhase section */

/* Begin PBXGroup section */
		341065D22962E1DA001644B0 = {
			isa = PBXGroup;
			children = (
				341065DD2962E1DA001644B0 /* bluezebra */,
				341065DC2962E1DA001644B0 /* Products */,
			);
			sourceTree = "<group>";
		};
		341065DC2962E1DA001644B0 /* Products */ = {
			isa = PBXGroup;
			children = (
				341065DB2962E1DA001644B0 /* bluezebra.app */,
			);
			name = Products;
			sourceTree = "<group>";
		};
		341065DD2962E1DA001644B0 /* bluezebra */ = {
			isa = PBXGroup;
			children = (
				346879CE29886F12002F3B5E /* Info.plist */,
				341065DE2962E1DA001644B0 /* BlueZebraApp.swift */,
				3445BEBD297D946B0033269B /* AppDelegate.swift */,
				349CE1EE2969ECC900F8E4F9 /* Views */,
				34938E1129675E5C00EA95CF /* DataControllers */,
				34938E172967CE7E00EA95CF /* PersistenceControllers */,
				341065E22962E1DF001644B0 /* Assets.xcassets */,
				341065E42962E1DF001644B0 /* Preview Content */,
			);
			path = bluezebra;
			sourceTree = "<group>";
		};
		341065E42962E1DF001644B0 /* Preview Content */ = {
			isa = PBXGroup;
			children = (
				341065E52962E1DF001644B0 /* Preview Assets.xcassets */,
			);
			path = "Preview Content";
			sourceTree = "<group>";
		};
		3475AE8929EF9BD0001882D4 /* DataPackets */ = {
			isa = PBXGroup;
			children = (
				3475AE8E29EF9DB4001882D4 /* UserPacket.swift */,
				F07059162A412BAC002571A4 /* RUPacket.swift */,
				34F886532A01E4C30096CBF1 /* TeamPacket.swift */,
				34F886552A01E4CB0096CBF1 /* ChannelPacket.swift */,
				3475AE8C29EF9CD8001882D4 /* CRPacket.swift */,
				3475AE9029EF9E18001882D4 /* CDPacket.swift */,
				345EEF5829F4682800861DB9 /* MessagePacket.swift */,
			);
			path = DataPackets;
			sourceTree = "<group>";
		};
		3475AE9229EFB81F001882D4 /* ChannelDC */ = {
			isa = PBXGroup;
			children = (
				34938E1B2967D2B000EA95CF /* ChannelDC.swift */,
				3475AE9529EFB884001882D4 /* ChannelDC+Local.swift */,
				3475AE9729EFB8DA001882D4 /* ChannelDC+Handlers.swift */,
				3475AE9929EFB9B0001882D4 /* ChannelDC+Events.swift */,
				34D3494129C1C47400FD7C8B /* ChannelDCEventQueue.swift */,
			);
			path = ChannelDC;
			sourceTree = "<group>";
		};
		3475AE9329EFB82C001882D4 /* UserDC */ = {
			isa = PBXGroup;
			children = (
				34938E0F29675D1700EA95CF /* UserDC.swift */,
				3475AE9B29EFBC78001882D4 /* UserDC+Local.swift */,
				3475AE9D29EFBCAC001882D4 /* UserDC+Handlers.swift */,
				3475AEA129EFBD4A001882D4 /* UserDC+Events.swift */,
				3475AE9F29EFBD2F001882D4 /* UserDC+Authentication.swift */,
			);
			path = UserDC;
			sourceTree = "<group>";
		};
		3475AE9429EFB834001882D4 /* MessageDC */ = {
			isa = PBXGroup;
			children = (
				349CE22B296FB15500F8E4F9 /* MessageDC.swift */,
				345EEF5229F4173A00861DB9 /* MessageDC+Local.swift */,
				345EEF5429F4174E00861DB9 /* MessageDC+Handlers.swift */,
				345EEF5629F4175B00861DB9 /* MessageDC+Events.swift */,
			);
			path = MessageDC;
			sourceTree = "<group>";
		};
		34790A32299ACA7000D51854 /* SettingsTabs */ = {
			isa = PBXGroup;
			children = (
				34790A33299ACA8F00D51854 /* AccountTab.swift */,
				34632764299B7CD600FACB50 /* ChatsTab.swift */,
				F065C6122A2E8D84007E1D9F /* AuthenticationTab.swift */,
				F065C6142A2E8D9A007E1D9F /* EncryptionTab.swift */,
				34632762299B7CCA00FACB50 /* NotificationsTab.swift */,
				F065C6162A2E8DAB007E1D9F /* PrivacyPolicyTab.swift */,
			);
			path = SettingsTabs;
			sourceTree = "<group>";
		};
		3489D5D129F84CB10074EF5E /* Models */ = {
			isa = PBXGroup;
			children = (
				34938E142967CE6900EA95CF /* Data.xcdatamodeld */,
				3489D5E229F852320074EF5E /* User.swift */,
				3489D5E429F9D90C0074EF5E /* Settings.swift */,
				3489D5D429F84CDF0074EF5E /* RemoteUser.swift */,
				3489D5DA29F850B70074EF5E /* Team.swift */,
				3489D5D829F850AF0074EF5E /* Channel.swift */,
				3489D5D229F84CC20074EF5E /* ChannelRequest.swift */,
				3489D5D629F850630074EF5E /* ChannelDeletion.swift */,
				3489D5E029F851F40074EF5E /* Message.swift */,
			);
			path = Models;
			sourceTree = "<group>";
		};
		34938E07296396D500EA95CF /* Channels */ = {
			isa = PBXGroup;
			children = (
				349CE1F12969ECF800F8E4F9 /* ChannelsList.swift */,
				3463275C29935C3D00FACB50 /* ChannelView.swift */,
			);
			path = Channels;
			sourceTree = "<group>";
		};
		34938E09296396EB00EA95CF /* Profile */ = {
			isa = PBXGroup;
			children = (
				34790A32299ACA7000D51854 /* SettingsTabs */,
				349CE1EF2969ECE500F8E4F9 /* ProfileHome.swift */,
			);
			path = Profile;
			sourceTree = "<group>";
		};
		34938E1129675E5C00EA95CF /* DataControllers */ = {
			isa = PBXGroup;
			children = (
				F09DFA832A46AE9D008D4DB1 /* AuthenticationDC */,
				3475AE9329EFB82C001882D4 /* UserDC */,
				3475AE9229EFB81F001882D4 /* ChannelDC */,
				3475AE9429EFB834001882D4 /* MessageDC */,
				3475AE8929EF9BD0001882D4 /* DataPackets */,
				346879CC2988596B002F3B5E /* SocketController.swift */,
				341A0DA62A21C03400C5B00C /* DataUtilities.swift */,
				F065C61B2A3267D8007E1D9F /* DateUtilities.swift */,
				341A0DA82A21C09500C5B00C /* DCError.swift */,
			);
			path = DataControllers;
			sourceTree = "<group>";
		};
		34938E172967CE7E00EA95CF /* PersistenceControllers */ = {
			isa = PBXGroup;
			children = (
				3489D5D129F84CB10074EF5E /* Models */,
				34938E192967CFDC00EA95CF /* DataPC.swift */,
				346C302C29EACFBF0075107E /* DataPC+Create.swift */,
				346C302E29EACFDA0075107E /* DataPC+Update.swift */,
				346C303029EAD0BD0075107E /* DataPC+Fetch.swift */,
				346C303229EAD10A0075107E /* DataPC+Delete.swift */,
				346C303429EAD13A0075107E /* DataPC+Reset.swift */,
				F065C6212A338D9B007E1D9F /* PEError.swift */,
			);
			path = PersistenceControllers;
			sourceTree = "<group>";
		};
		349CE1EE2969ECC900F8E4F9 /* Views */ = {
			isa = PBXGroup;
			children = (
				F04AEC3B2A2C10AD00276FF4 /* Common */,
				349CE1F6296C85DC00F8E4F9 /* Authentication */,
				34938E07296396D500EA95CF /* Channels */,
				F0AE43BF2A62355B00A1E181 /* Chat */,
				34938E09296396EB00EA95CF /* Profile */,
				F09DFA822A465AC5008D4DB1 /* RUProfile */,
				34C839F529CFE5F80093C48B /* DeletionLog */,
				34C839F129CFE2290093C48B /* UserRequests */,
				34E1E08A29E25032007319C3 /* UIUtilities */,
				3445BEBB297D902A0033269B /* TopLevelView.swift */,
			);
			path = Views;
			sourceTree = "<group>";
		};
		349CE1F6296C85DC00F8E4F9 /* Authentication */ = {
			isa = PBXGroup;
			children = (
				F0AE43AD2A56FD8200A1E181 /* SignUp.swift */,
				349CE1FF296D353B00F8E4F9 /* Login.swift */,
			);
			path = Authentication;
			sourceTree = "<group>";
		};
		34C839F129CFE2290093C48B /* UserRequests */ = {
			isa = PBXGroup;
			children = (
				34AFD46629DD1EC700B2AC74 /* CRView.swift */,
				34C839F229CFE23A0093C48B /* AddRURow.swift */,
				34C839F629CFE6110093C48B /* CRRow.swift */,
			);
			path = UserRequests;
			sourceTree = "<group>";
		};
		34C839F529CFE5F80093C48B /* DeletionLog */ = {
			isa = PBXGroup;
			children = (
				34C839EF29CFD9C10093C48B /* DeletionLog.swift */,
				F0AE43BD2A62202700A1E181 /* DeletionRow.swift */,
			);
			path = DeletionLog;
			sourceTree = "<group>";
		};
		34E1E08A29E25032007319C3 /* UIUtilities */ = {
			isa = PBXGroup;
			children = (
				34E1E08429E21541007319C3 /* TextCellStyle.swift */,
				34E1E08629E2222D007319C3 /* Styles.swift */,
				341D53D32A1CA41600DC28C5 /* BZEmojiProvider1.swift */,
				F0AE43692A4B6C1700A1E181 /* BZSetup.swift */,
			);
			path = UIUtilities;
			sourceTree = "<group>";
		};
		F00E42632A490F9C00CFCD32 /* Modifiers */ = {
			isa = PBXGroup;
			children = (
				F00E42612A48C31100CFCD32 /* ConditionalModifier.swift */,
				F00E425F2A48A66000CFCD32 /* SceneModifier.swift */,
				F00E425B2A48764700CFCD32 /* BorderOverlay.swift */,
				34E1E08B29E25054007319C3 /* KeyboardAwareModifier.swift */,
				34E1E08E29E25092007319C3 /* EmojiModifier.swift */,
				F0AE438F2A4E63B200A1E181 /* DestroyAlert.swift */,
				F0AE43A52A53B56800A1E181 /* InfoAlert.swift */,
				F0AE43B12A58240A00A1E181 /* PaddingModifier.swift */,
				F0AE43B52A60BF9600A1E181 /* SheetModifier.swift */,
			);
			path = Modifiers;
			sourceTree = "<group>";
		};
		F04AEC3B2A2C10AD00276FF4 /* Common */ = {
			isa = PBXGroup;
			children = (
				F0AE43702A4B8C2200A1E181 /* Animations */,
				F0AE436F2A4B8C0E00A1E181 /* Buttons */,
				F0AE436E2A4B8BEC00A1E181 /* Text */,
				F0AE43A72A53CEBF00A1E181 /* Images */,
				F0AE436D2A4B8BBF00A1E181 /* Icon */,
				F0AE436C2A4B8B0100A1E181 /* DateTime */,
				F0AE436B2A4B8ADD00A1E181 /* TextFields */,
				F00E42632A490F9C00CFCD32 /* Modifiers */,
				F0AE43A82A53D1B700A1E181 /* ScrollViews */,
				34403EBC29924DAC00181C94 /* ScreenProperties.swift */,
				F065C6102A2E8894007E1D9F /* PinBoxes.swift */,
				341A0DA42A219F2B00C5B00C /* ChildSizeReader.swift */,
				F0AE43752A4B95EA00A1E181 /* TabView1.swift */,
				F0AE43892A4C498100A1E181 /* ProfileView.swift */,
				F0AE43AF2A5820BC00A1E181 /* SafeAreaScreen.swift */,
				F0AE43B32A60337000A1E181 /* TopLevelTabView.swift */,
				F0AE43C82A626C0600A1E181 /* NavBar.swift */,
			);
			path = Common;
			sourceTree = "<group>";
		};
		F09DFA822A465AC5008D4DB1 /* RUProfile */ = {
			isa = PBXGroup;
			children = (
			);
			path = RUProfile;
			sourceTree = "<group>";
		};
		F09DFA832A46AE9D008D4DB1 /* AuthenticationDC */ = {
			isa = PBXGroup;
			children = (
			);
			path = AuthenticationDC;
			sourceTree = "<group>";
		};
		F0AE436B2A4B8ADD00A1E181 /* TextFields */ = {
			isa = PBXGroup;
			children = (
				F00E42642A4962EA00CFCD32 /* SubmitTextField.swift */,
				F00E42662A49630200CFCD32 /* DebounceTextField.swift */,
				F04AEC3C2A2CBE7500276FF4 /* TextFieldObserver.swift */,
			);
			path = TextFields;
			sourceTree = "<group>";
		};
		F0AE436C2A4B8B0100A1E181 /* DateTime */ = {
			isa = PBXGroup;
			children = (
				F065C61D2A3384E4007E1D9F /* DateMed.swift */,
				F0AE43A32A538A7100A1E181 /* DateDMY.swift */,
				F065C61F2A3384EB007E1D9F /* TimeLabel.swift */,
				F0AE439D2A5385BA00A1E181 /* DateTimeShor.swift */,
				F0AE439F2A5385D200A1E181 /* DateTimeMed.swift */,
				F0AE43A12A5385DF00A1E181 /* DateTimeLong.swift */,
			);
			path = DateTime;
			sourceTree = "<group>";
		};
		F0AE436D2A4B8BBF00A1E181 /* Icon */ = {
			isa = PBXGroup;
			children = (
				F0E311782A36CA5C00CF74B9 /* EmojiIcon.swift */,
				F0AE43652A49EF7800A1E181 /* EmojiPicker.swift */,
			);
			path = Icon;
			sourceTree = "<group>";
		};
		F0AE436E2A4B8BEC00A1E181 /* Text */ = {
			isa = PBXGroup;
			children = (
				F00E425D2A487B9B00CFCD32 /* FixedText.swift */,
				F0AE43792A4BA25100A1E181 /* VariableText.swift */,
			);
			path = Text;
			sourceTree = "<group>";
		};
		F0AE436F2A4B8C0E00A1E181 /* Buttons */ = {
			isa = PBXGroup;
			children = (
				F0AE437D2A4BA89700A1E181 /* ReactionAni.swift */,
				F09DFA802A438CBB008D4DB1 /* ButtonAni.swift */,
				F0AE43872A4BA91200A1E181 /* SimpleTextSegment.swift */,
				F0AE43BB2A613AC100A1E181 /* SimpleImageSegment.swift */,
				F0AE43B72A60E0FB00A1E181 /* TextSegmentView.swift */,
				F0AE43B92A60E62B00A1E181 /* ImageSegmentView.swift */,
			);
			path = Buttons;
			sourceTree = "<group>";
		};
		F0AE43702A4B8C2200A1E181 /* Animations */ = {
			isa = PBXGroup;
			children = (
				341D53D12A14767700DC28C5 /* ImageAni1.swift */,
				F0AE43712A4B918400A1E181 /* PulsatingImage.swift */,
				F0AE43732A4B92D700A1E181 /* PulsatingCircle.swift */,
				F0AE437B2A4BA59F00A1E181 /* LoadingSpinner.swift */,
				F0AE437F2A4BA8AA00A1E181 /* LikeAni.swift */,
				F0AE43812A4BA8C900A1E181 /* ProgressBar.swift */,
				F0AE43832A4BA8F900A1E181 /* RecordingAni.swift */,
				F0AE43852A4BA90300A1E181 /* TypingAni.swift */,
			);
			path = Animations;
			sourceTree = "<group>";
		};
		F0AE43A72A53CEBF00A1E181 /* Images */ = {
			isa = PBXGroup;
			children = (
				F0AE43A92A53D1EB00A1E181 /* SystemIcon.swift */,
				F0AE43DB2A6A0DF500A1E181 /* BZImage.swift */,
				F0AE43DD2A6A1F9F00A1E181 /* IdentifiableImage.swift */,
			);
			path = Images;
			sourceTree = "<group>";
		};
		F0AE43A82A53D1B700A1E181 /* ScrollViews */ = {
			isa = PBXGroup;
			children = (
				F0AE43672A49EF8A00A1E181 /* PaginatedScrollView.swift */,
				F0AE43772A4B961E00A1E181 /* ScrollViewList.swift */,
				F0AE43AB2A5607BA00A1E181 /* SimpleScrollView.swift */,
			);
			path = ScrollViews;
			sourceTree = "<group>";
		};
		F0AE43BF2A62355B00A1E181 /* Chat */ = {
			isa = PBXGroup;
			children = (
				F0AE43D02A659AC400A1E181 /* Containers */,
				F0AE43C02A62357D00A1E181 /* MessageScrollView.swift */,
				F0AE43C22A624B9200A1E181 /* MessageContainer.swift */,
				F0AE43CA2A64B67000A1E181 /* InputContainer.swift */,
				F0AE43D42A66209500A1E181 /* ChatState.swift */,
				F0AE43C62A6256A600A1E181 /* ChatInterface.swift */,
			);
			path = Chat;
			sourceTree = "<group>";
		};
		F0AE43D02A659AC400A1E181 /* Containers */ = {
			isa = PBXGroup;
			children = (
				34E1E08229E1FE8C007319C3 /* TextContainer.swift */,
				F0AE43CC2A659AB300A1E181 /* ImageContainer.swift */,
				F0AE43D22A65CB3800A1E181 /* DeletedContainer.swift */,
			);
			path = Containers;
			sourceTree = "<group>";
		};
/* End PBXGroup section */

/* Begin PBXNativeTarget section */
		341065DA2962E1DA001644B0 /* bluezebra */ = {
			isa = PBXNativeTarget;
			buildConfigurationList = 341065E92962E1DF001644B0 /* Build configuration list for PBXNativeTarget "bluezebra" */;
			buildPhases = (
				341065D72962E1DA001644B0 /* Sources */,
				341065D82962E1DA001644B0 /* Frameworks */,
				341065D92962E1DA001644B0 /* Resources */,
			);
			buildRules = (
			);
			dependencies = (
			);
			name = bluezebra;
			packageProductDependencies = (
				346879CA298858AF002F3B5E /* SocketIO */,
				344D60E92A112CA2005FCEA6 /* EmojiPicker */,
				F09DFA872A4848F4008D4DB1 /* ExyteMediaPicker */,
				F09DFA8A2A484BE6008D4DB1 /* FilePicker */,
				F0AE43D72A68E70200A1E181 /* Kingfisher */,
			);
			productName = BlueZebra;
			productReference = 341065DB2962E1DA001644B0 /* bluezebra.app */;
			productType = "com.apple.product-type.application";
		};
/* End PBXNativeTarget section */

/* Begin PBXProject section */
		341065D32962E1DA001644B0 /* Project object */ = {
			isa = PBXProject;
			attributes = {
				BuildIndependentTargetsInParallel = 1;
				LastSwiftUpdateCheck = 1420;
				LastUpgradeCheck = 1420;
				TargetAttributes = {
					341065DA2962E1DA001644B0 = {
						CreatedOnToolsVersion = 14.2;
					};
				};
			};
			buildConfigurationList = 341065D62962E1DA001644B0 /* Build configuration list for PBXProject "bluezebra" */;
			compatibilityVersion = "Xcode 14.0";
			developmentRegion = en;
			hasScannedForEncodings = 0;
			knownRegions = (
				en,
				Base,
			);
			mainGroup = 341065D22962E1DA001644B0;
			packageReferences = (
				346879C9298858AF002F3B5E /* XCRemoteSwiftPackageReference "socket.io-client-swift" */,
				344D60E82A112CA2005FCEA6 /* XCRemoteSwiftPackageReference "EmojiPicker" */,
				F09DFA862A4848F4008D4DB1 /* XCRemoteSwiftPackageReference "ExyteMediaPicker" */,
				F09DFA892A484BE6008D4DB1 /* XCRemoteSwiftPackageReference "FilePicker" */,
				F0AE43D62A68E70200A1E181 /* XCRemoteSwiftPackageReference "Kingfisher" */,
			);
			productRefGroup = 341065DC2962E1DA001644B0 /* Products */;
			projectDirPath = "";
			projectRoot = "";
			targets = (
				341065DA2962E1DA001644B0 /* bluezebra */,
			);
		};
/* End PBXProject section */

/* Begin PBXResourcesBuildPhase section */
		341065D92962E1DA001644B0 /* Resources */ = {
			isa = PBXResourcesBuildPhase;
			buildActionMask = 2147483647;
			files = (
				341065E62962E1DF001644B0 /* Preview Assets.xcassets in Resources */,
				341065E32962E1DF001644B0 /* Assets.xcassets in Resources */,
			);
			runOnlyForDeploymentPostprocessing = 0;
		};
/* End PBXResourcesBuildPhase section */

/* Begin PBXSourcesBuildPhase section */
		341065D72962E1DA001644B0 /* Sources */ = {
			isa = PBXSourcesBuildPhase;
			buildActionMask = 2147483647;
			files = (
				F0AE43B42A60337100A1E181 /* TopLevelTabView.swift in Sources */,
				34E1E08C29E25054007319C3 /* KeyboardAwareModifier.swift in Sources */,
				3445BEBE297D946B0033269B /* AppDelegate.swift in Sources */,
				3475AE9129EF9E18001882D4 /* CDPacket.swift in Sources */,
				349CE1F02969ECE500F8E4F9 /* ProfileHome.swift in Sources */,
				345EEF5529F4174E00861DB9 /* MessageDC+Handlers.swift in Sources */,
				34F886562A01E4CB0096CBF1 /* ChannelPacket.swift in Sources */,
				F0AE43742A4B92D700A1E181 /* PulsatingCircle.swift in Sources */,
				F00E42602A48A66000CFCD32 /* SceneModifier.swift in Sources */,
				34790A34299ACA8F00D51854 /* AccountTab.swift in Sources */,
				F00E42652A4962EA00CFCD32 /* SubmitTextField.swift in Sources */,
				34E1E08729E2222D007319C3 /* Styles.swift in Sources */,
				34938E162967CE6900EA95CF /* Data.xcdatamodeld in Sources */,
				F09DFA812A438CBB008D4DB1 /* ButtonAni.swift in Sources */,
				F0AE436A2A4B6C1700A1E181 /* BZSetup.swift in Sources */,
				F065C61C2A3267D8007E1D9F /* DateUtilities.swift in Sources */,
				34C839F029CFD9C10093C48B /* DeletionLog.swift in Sources */,
				34C839F329CFE23A0093C48B /* AddRURow.swift in Sources */,
				346C302F29EACFDA0075107E /* DataPC+Update.swift in Sources */,
				F0AE43902A4E63B200A1E181 /* DestroyAlert.swift in Sources */,
				34E1E08F29E25092007319C3 /* EmojiModifier.swift in Sources */,
				F0AE43DE2A6A1F9F00A1E181 /* IdentifiableImage.swift in Sources */,
				3475AEA229EFBD4A001882D4 /* UserDC+Events.swift in Sources */,
				3489D5D329F84CC20074EF5E /* ChannelRequest.swift in Sources */,
				3489D5D529F84CDF0074EF5E /* RemoteUser.swift in Sources */,
				F00E425C2A48764700CFCD32 /* BorderOverlay.swift in Sources */,
				F0AE43B02A5820BC00A1E181 /* SafeAreaScreen.swift in Sources */,
				34632763299B7CCA00FACB50 /* NotificationsTab.swift in Sources */,
				3475AE8F29EF9DB4001882D4 /* UserPacket.swift in Sources */,
				F0AE43802A4BA8AA00A1E181 /* LikeAni.swift in Sources */,
				F07059172A412BAC002571A4 /* RUPacket.swift in Sources */,
				3489D5D729F850630074EF5E /* ChannelDeletion.swift in Sources */,
				341D53D42A1CA41700DC28C5 /* BZEmojiProvider1.swift in Sources */,
				F0AE43AC2A5607BA00A1E181 /* SimpleScrollView.swift in Sources */,
				F0AE437A2A4BA25100A1E181 /* VariableText.swift in Sources */,
				F065C6222A338D9B007E1D9F /* PEError.swift in Sources */,
				F0AE43662A49EF7800A1E181 /* EmojiPicker.swift in Sources */,
				F0AE43C12A62357D00A1E181 /* MessageScrollView.swift in Sources */,
				F0AE43722A4B918400A1E181 /* PulsatingImage.swift in Sources */,
				F0AE43C92A626C0600A1E181 /* NavBar.swift in Sources */,
				F0AE437E2A4BA89700A1E181 /* ReactionAni.swift in Sources */,
				F0AE438A2A4C498100A1E181 /* ProfileView.swift in Sources */,
				3475AE9629EFB884001882D4 /* ChannelDC+Local.swift in Sources */,
				F0AE43C32A624B9200A1E181 /* MessageContainer.swift in Sources */,
				F0AE43D52A66209500A1E181 /* ChatState.swift in Sources */,
				3475AE9A29EFB9B0001882D4 /* ChannelDC+Events.swift in Sources */,
				341A0DA52A219F2B00C5B00C /* ChildSizeReader.swift in Sources */,
				F0E311792A36CA5C00CF74B9 /* EmojiIcon.swift in Sources */,
				346C303329EAD10A0075107E /* DataPC+Delete.swift in Sources */,
				346879CD2988596B002F3B5E /* SocketController.swift in Sources */,
				346C303529EAD13A0075107E /* DataPC+Reset.swift in Sources */,
				F0AE439E2A5385BA00A1E181 /* DateTimeShor.swift in Sources */,
				3489D5DB29F850B70074EF5E /* Team.swift in Sources */,
				34403EBD29924DAC00181C94 /* ScreenProperties.swift in Sources */,
				F0AE437C2A4BA59F00A1E181 /* LoadingSpinner.swift in Sources */,
				34E1E08529E21541007319C3 /* TextCellStyle.swift in Sources */,
				F00E42672A49630200CFCD32 /* DebounceTextField.swift in Sources */,
				F0AE43A22A5385DF00A1E181 /* DateTimeLong.swift in Sources */,
				F0AE43B62A60BF9600A1E181 /* SheetModifier.swift in Sources */,
				F0AE43882A4BA91200A1E181 /* SimpleTextSegment.swift in Sources */,
				F0AE43A42A538A7100A1E181 /* DateDMY.swift in Sources */,
				3489D5D929F850AF0074EF5E /* Channel.swift in Sources */,
				3445BEBC297D902A0033269B /* TopLevelView.swift in Sources */,
				F0AE43DC2A6A0DF500A1E181 /* BZImage.swift in Sources */,
				F065C61E2A3384E4007E1D9F /* DateMed.swift in Sources */,
				341065DF2962E1DA001644B0 /* BlueZebraApp.swift in Sources */,
				3475AEA029EFBD2F001882D4 /* UserDC+Authentication.swift in Sources */,
				F0AE43862A4BA90300A1E181 /* TypingAni.swift in Sources */,
				F0AE43A62A53B56800A1E181 /* InfoAlert.swift in Sources */,
				34AFD46729DD1EC700B2AC74 /* CRView.swift in Sources */,
				3489D5E529F9D90C0074EF5E /* Settings.swift in Sources */,
				345EEF5329F4173A00861DB9 /* MessageDC+Local.swift in Sources */,
				34D3494229C1C47400FD7C8B /* ChannelDCEventQueue.swift in Sources */,
				341A0DA72A21C03400C5B00C /* DataUtilities.swift in Sources */,
				345EEF5729F4175B00861DB9 /* MessageDC+Events.swift in Sources */,
				34C839F729CFE6110093C48B /* CRRow.swift in Sources */,
				F00E425E2A487B9B00CFCD32 /* FixedText.swift in Sources */,
				34632765299B7CD600FACB50 /* ChatsTab.swift in Sources */,
				F0AE43CD2A659AB300A1E181 /* ImageContainer.swift in Sources */,
				F04AEC3D2A2CBE7500276FF4 /* TextFieldObserver.swift in Sources */,
				34938E1A2967CFDC00EA95CF /* DataPC.swift in Sources */,
				F0AE43CB2A64B67000A1E181 /* InputContainer.swift in Sources */,
				F065C6172A2E8DAB007E1D9F /* PrivacyPolicyTab.swift in Sources */,
				349CE22C296FB15500F8E4F9 /* MessageDC.swift in Sources */,
				F0AE43782A4B961E00A1E181 /* ScrollViewList.swift in Sources */,
				3475AE9829EFB8DA001882D4 /* ChannelDC+Handlers.swift in Sources */,
				F0AE43BE2A62202700A1E181 /* DeletionRow.swift in Sources */,
				F0AE43A02A5385D200A1E181 /* DateTimeMed.swift in Sources */,
				3475AE9E29EFBCAC001882D4 /* UserDC+Handlers.swift in Sources */,
				F0AE43BA2A60E62B00A1E181 /* ImageSegmentView.swift in Sources */,
				34E1E08329E1FE8C007319C3 /* TextContainer.swift in Sources */,
				34F886542A01E4C30096CBF1 /* TeamPacket.swift in Sources */,
				F0AE43C72A6256A600A1E181 /* ChatInterface.swift in Sources */,
				F065C6132A2E8D84007E1D9F /* AuthenticationTab.swift in Sources */,
				34938E1C2967D2B000EA95CF /* ChannelDC.swift in Sources */,
				F0AE43842A4BA8F900A1E181 /* RecordingAni.swift in Sources */,
				341A0DA92A21C09500C5B00C /* DCError.swift in Sources */,
				341D53D22A14767700DC28C5 /* ImageAni1.swift in Sources */,
				F0AE43AE2A56FD8200A1E181 /* SignUp.swift in Sources */,
				345EEF5929F4682800861DB9 /* MessagePacket.swift in Sources */,
				3489D5E129F851F40074EF5E /* Message.swift in Sources */,
				F065C6152A2E8D9A007E1D9F /* EncryptionTab.swift in Sources */,
				3475AE9C29EFBC78001882D4 /* UserDC+Local.swift in Sources */,
				34938E1029675D1800EA95CF /* UserDC.swift in Sources */,
				F00E42622A48C31100CFCD32 /* ConditionalModifier.swift in Sources */,
				F0AE43D32A65CB3800A1E181 /* DeletedContainer.swift in Sources */,
				349CE1F22969ECF800F8E4F9 /* ChannelsList.swift in Sources */,
				3463275D29935C3D00FACB50 /* ChannelView.swift in Sources */,
				349CE200296D353B00F8E4F9 /* Login.swift in Sources */,
				F0AE43AA2A53D1EB00A1E181 /* SystemIcon.swift in Sources */,
				F065C6202A3384EB007E1D9F /* TimeLabel.swift in Sources */,
				F0AE43822A4BA8C900A1E181 /* ProgressBar.swift in Sources */,
				F0AE43B82A60E0FB00A1E181 /* TextSegmentView.swift in Sources */,
				F0AE43682A49EF8A00A1E181 /* PaginatedScrollView.swift in Sources */,
				F065C6112A2E8894007E1D9F /* PinBoxes.swift in Sources */,
				3489D5E329F852320074EF5E /* User.swift in Sources */,
				3475AE8D29EF9CD8001882D4 /* CRPacket.swift in Sources */,
				F0AE43BC2A613AC100A1E181 /* SimpleImageSegment.swift in Sources */,
				346C303129EAD0BD0075107E /* DataPC+Fetch.swift in Sources */,
				346C302D29EACFBF0075107E /* DataPC+Create.swift in Sources */,
				F0AE43B22A58240A00A1E181 /* PaddingModifier.swift in Sources */,
				F0AE43762A4B95EA00A1E181 /* TabView1.swift in Sources */,
			);
			runOnlyForDeploymentPostprocessing = 0;
		};
/* End PBXSourcesBuildPhase section */

/* Begin XCBuildConfiguration section */
		341065E72962E1DF001644B0 /* Debug */ = {
			isa = XCBuildConfiguration;
			buildSettings = {
				ALWAYS_SEARCH_USER_PATHS = NO;
				CLANG_ANALYZER_NONNULL = YES;
				CLANG_ANALYZER_NUMBER_OBJECT_CONVERSION = YES_AGGRESSIVE;
				CLANG_CXX_LANGUAGE_STANDARD = "gnu++20";
				CLANG_ENABLE_MODULES = YES;
				CLANG_ENABLE_OBJC_ARC = YES;
				CLANG_ENABLE_OBJC_WEAK = YES;
				CLANG_WARN_BLOCK_CAPTURE_AUTORELEASING = YES;
				CLANG_WARN_BOOL_CONVERSION = YES;
				CLANG_WARN_COMMA = YES;
				CLANG_WARN_CONSTANT_CONVERSION = YES;
				CLANG_WARN_DEPRECATED_OBJC_IMPLEMENTATIONS = YES;
				CLANG_WARN_DIRECT_OBJC_ISA_USAGE = YES_ERROR;
				CLANG_WARN_DOCUMENTATION_COMMENTS = YES;
				CLANG_WARN_EMPTY_BODY = YES;
				CLANG_WARN_ENUM_CONVERSION = YES;
				CLANG_WARN_INFINITE_RECURSION = YES;
				CLANG_WARN_INT_CONVERSION = YES;
				CLANG_WARN_NON_LITERAL_NULL_CONVERSION = YES;
				CLANG_WARN_OBJC_IMPLICIT_RETAIN_SELF = YES;
				CLANG_WARN_OBJC_LITERAL_CONVERSION = YES;
				CLANG_WARN_OBJC_ROOT_CLASS = YES_ERROR;
				CLANG_WARN_QUOTED_INCLUDE_IN_FRAMEWORK_HEADER = YES;
				CLANG_WARN_RANGE_LOOP_ANALYSIS = YES;
				CLANG_WARN_STRICT_PROTOTYPES = YES;
				CLANG_WARN_SUSPICIOUS_MOVE = YES;
				CLANG_WARN_UNGUARDED_AVAILABILITY = YES_AGGRESSIVE;
				CLANG_WARN_UNREACHABLE_CODE = YES;
				CLANG_WARN__DUPLICATE_METHOD_MATCH = YES;
				COPY_PHASE_STRIP = NO;
				DEBUG_INFORMATION_FORMAT = dwarf;
				ENABLE_STRICT_OBJC_MSGSEND = YES;
				ENABLE_TESTABILITY = YES;
				GCC_C_LANGUAGE_STANDARD = gnu11;
				GCC_DYNAMIC_NO_PIC = NO;
				GCC_NO_COMMON_BLOCKS = YES;
				GCC_OPTIMIZATION_LEVEL = 0;
				GCC_PREPROCESSOR_DEFINITIONS = (
					"DEBUG=1",
					"$(inherited)",
				);
				GCC_WARN_64_TO_32_BIT_CONVERSION = YES;
				GCC_WARN_ABOUT_RETURN_TYPE = YES_ERROR;
				GCC_WARN_UNDECLARED_SELECTOR = YES;
				GCC_WARN_UNINITIALIZED_AUTOS = YES_AGGRESSIVE;
				GCC_WARN_UNUSED_FUNCTION = YES;
				GCC_WARN_UNUSED_VARIABLE = YES;
				IPHONEOS_DEPLOYMENT_TARGET = 16.2;
				MTL_ENABLE_DEBUG_INFO = INCLUDE_SOURCE;
				MTL_FAST_MATH = YES;
				ONLY_ACTIVE_ARCH = YES;
				SDKROOT = iphoneos;
				SWIFT_ACTIVE_COMPILATION_CONDITIONS = DEBUG;
				SWIFT_OPTIMIZATION_LEVEL = "-Onone";
			};
			name = Debug;
		};
		341065E82962E1DF001644B0 /* Release */ = {
			isa = XCBuildConfiguration;
			buildSettings = {
				ALWAYS_SEARCH_USER_PATHS = NO;
				CLANG_ANALYZER_NONNULL = YES;
				CLANG_ANALYZER_NUMBER_OBJECT_CONVERSION = YES_AGGRESSIVE;
				CLANG_CXX_LANGUAGE_STANDARD = "gnu++20";
				CLANG_ENABLE_MODULES = YES;
				CLANG_ENABLE_OBJC_ARC = YES;
				CLANG_ENABLE_OBJC_WEAK = YES;
				CLANG_WARN_BLOCK_CAPTURE_AUTORELEASING = YES;
				CLANG_WARN_BOOL_CONVERSION = YES;
				CLANG_WARN_COMMA = YES;
				CLANG_WARN_CONSTANT_CONVERSION = YES;
				CLANG_WARN_DEPRECATED_OBJC_IMPLEMENTATIONS = YES;
				CLANG_WARN_DIRECT_OBJC_ISA_USAGE = YES_ERROR;
				CLANG_WARN_DOCUMENTATION_COMMENTS = YES;
				CLANG_WARN_EMPTY_BODY = YES;
				CLANG_WARN_ENUM_CONVERSION = YES;
				CLANG_WARN_INFINITE_RECURSION = YES;
				CLANG_WARN_INT_CONVERSION = YES;
				CLANG_WARN_NON_LITERAL_NULL_CONVERSION = YES;
				CLANG_WARN_OBJC_IMPLICIT_RETAIN_SELF = YES;
				CLANG_WARN_OBJC_LITERAL_CONVERSION = YES;
				CLANG_WARN_OBJC_ROOT_CLASS = YES_ERROR;
				CLANG_WARN_QUOTED_INCLUDE_IN_FRAMEWORK_HEADER = YES;
				CLANG_WARN_RANGE_LOOP_ANALYSIS = YES;
				CLANG_WARN_STRICT_PROTOTYPES = YES;
				CLANG_WARN_SUSPICIOUS_MOVE = YES;
				CLANG_WARN_UNGUARDED_AVAILABILITY = YES_AGGRESSIVE;
				CLANG_WARN_UNREACHABLE_CODE = YES;
				CLANG_WARN__DUPLICATE_METHOD_MATCH = YES;
				COPY_PHASE_STRIP = NO;
				DEBUG_INFORMATION_FORMAT = "dwarf-with-dsym";
				ENABLE_NS_ASSERTIONS = NO;
				ENABLE_STRICT_OBJC_MSGSEND = YES;
				GCC_C_LANGUAGE_STANDARD = gnu11;
				GCC_NO_COMMON_BLOCKS = YES;
				GCC_WARN_64_TO_32_BIT_CONVERSION = YES;
				GCC_WARN_ABOUT_RETURN_TYPE = YES_ERROR;
				GCC_WARN_UNDECLARED_SELECTOR = YES;
				GCC_WARN_UNINITIALIZED_AUTOS = YES_AGGRESSIVE;
				GCC_WARN_UNUSED_FUNCTION = YES;
				GCC_WARN_UNUSED_VARIABLE = YES;
				IPHONEOS_DEPLOYMENT_TARGET = 16.2;
				MTL_ENABLE_DEBUG_INFO = NO;
				MTL_FAST_MATH = YES;
				SDKROOT = iphoneos;
				SWIFT_COMPILATION_MODE = wholemodule;
				SWIFT_OPTIMIZATION_LEVEL = "-O";
				VALIDATE_PRODUCT = YES;
			};
			name = Release;
		};
		341065EA2962E1DF001644B0 /* Debug */ = {
			isa = XCBuildConfiguration;
			buildSettings = {
				ASSETCATALOG_COMPILER_APPICON_NAME = AppIcon;
				ASSETCATALOG_COMPILER_GLOBAL_ACCENT_COLOR_NAME = AccentColor;
				CODE_SIGN_IDENTITY = "Apple Development";
				CODE_SIGN_STYLE = Automatic;
				CURRENT_PROJECT_VERSION = 1;
				DEVELOPMENT_ASSET_PATHS = "\"BlueZebra/Preview Content\"";
				DEVELOPMENT_TEAM = DAZDMJ7W3G;
				ENABLE_PREVIEWS = YES;
				GENERATE_INFOPLIST_FILE = YES;
				INFOPLIST_FILE = BlueZebra/Info.plist;
				INFOPLIST_KEY_NSAppleMusicUsageDescription = "Access to Camera Roll";
				INFOPLIST_KEY_NSCameraUsageDescription = "Access to Camera ";
				INFOPLIST_KEY_NSFaceIDUsageDescription = "Face ID!";
				INFOPLIST_KEY_NSPhotoLibraryUsageDescription = "Access to Camera Roll";
				INFOPLIST_KEY_UIApplicationSceneManifest_Generation = YES;
				INFOPLIST_KEY_UIApplicationSupportsIndirectInputEvents = YES;
				INFOPLIST_KEY_UILaunchScreen_Generation = YES;
				INFOPLIST_KEY_UISupportedInterfaceOrientations_iPad = "UIInterfaceOrientationPortrait UIInterfaceOrientationPortraitUpsideDown UIInterfaceOrientationLandscapeLeft UIInterfaceOrientationLandscapeRight";
				INFOPLIST_KEY_UISupportedInterfaceOrientations_iPhone = "UIInterfaceOrientationPortrait UIInterfaceOrientationLandscapeLeft UIInterfaceOrientationLandscapeRight";
				IPHONEOS_DEPLOYMENT_TARGET = 16.0;
				LD_RUNPATH_SEARCH_PATHS = (
					"$(inherited)",
					"@executable_path/Frameworks",
				);
				MARKETING_VERSION = 1.0;
				PRODUCT_BUNDLE_IDENTIFIER = "BlueZebra-Technologies.bluezebra";
				PRODUCT_NAME = "$(TARGET_NAME)";
				PROVISIONING_PROFILE_SPECIFIER = "";
				SWIFT_EMIT_LOC_STRINGS = YES;
				SWIFT_VERSION = 5.0;
				TARGETED_DEVICE_FAMILY = "1,2";
			};
			name = Debug;
		};
		341065EB2962E1DF001644B0 /* Release */ = {
			isa = XCBuildConfiguration;
			buildSettings = {
				ASSETCATALOG_COMPILER_APPICON_NAME = AppIcon;
				ASSETCATALOG_COMPILER_GLOBAL_ACCENT_COLOR_NAME = AccentColor;
				CODE_SIGN_IDENTITY = "Apple Development";
				CODE_SIGN_STYLE = Automatic;
				CURRENT_PROJECT_VERSION = 1;
				DEVELOPMENT_ASSET_PATHS = "\"BlueZebra/Preview Content\"";
				DEVELOPMENT_TEAM = DAZDMJ7W3G;
				ENABLE_PREVIEWS = YES;
				GENERATE_INFOPLIST_FILE = YES;
				INFOPLIST_FILE = BlueZebra/Info.plist;
				INFOPLIST_KEY_NSAppleMusicUsageDescription = "Access to Camera Roll";
				INFOPLIST_KEY_NSCameraUsageDescription = "Access to Camera ";
				INFOPLIST_KEY_NSFaceIDUsageDescription = "Face ID!";
				INFOPLIST_KEY_NSPhotoLibraryUsageDescription = "Access to Camera Roll";
				INFOPLIST_KEY_UIApplicationSceneManifest_Generation = YES;
				INFOPLIST_KEY_UIApplicationSupportsIndirectInputEvents = YES;
				INFOPLIST_KEY_UILaunchScreen_Generation = YES;
				INFOPLIST_KEY_UISupportedInterfaceOrientations_iPad = "UIInterfaceOrientationPortrait UIInterfaceOrientationPortraitUpsideDown UIInterfaceOrientationLandscapeLeft UIInterfaceOrientationLandscapeRight";
				INFOPLIST_KEY_UISupportedInterfaceOrientations_iPhone = "UIInterfaceOrientationPortrait UIInterfaceOrientationLandscapeLeft UIInterfaceOrientationLandscapeRight";
				IPHONEOS_DEPLOYMENT_TARGET = 16.0;
				LD_RUNPATH_SEARCH_PATHS = (
					"$(inherited)",
					"@executable_path/Frameworks",
				);
				MARKETING_VERSION = 1.0;
				PRODUCT_BUNDLE_IDENTIFIER = "BlueZebra-Technologies.bluezebra";
				PRODUCT_NAME = "$(TARGET_NAME)";
				PROVISIONING_PROFILE_SPECIFIER = "";
				SWIFT_EMIT_LOC_STRINGS = YES;
				SWIFT_VERSION = 5.0;
				TARGETED_DEVICE_FAMILY = "1,2";
			};
			name = Release;
		};
/* End XCBuildConfiguration section */

/* Begin XCConfigurationList section */
		341065D62962E1DA001644B0 /* Build configuration list for PBXProject "bluezebra" */ = {
			isa = XCConfigurationList;
			buildConfigurations = (
				341065E72962E1DF001644B0 /* Debug */,
				341065E82962E1DF001644B0 /* Release */,
			);
			defaultConfigurationIsVisible = 0;
			defaultConfigurationName = Release;
		};
		341065E92962E1DF001644B0 /* Build configuration list for PBXNativeTarget "bluezebra" */ = {
			isa = XCConfigurationList;
			buildConfigurations = (
				341065EA2962E1DF001644B0 /* Debug */,
				341065EB2962E1DF001644B0 /* Release */,
			);
			defaultConfigurationIsVisible = 0;
			defaultConfigurationName = Release;
		};
/* End XCConfigurationList section */

/* Begin XCRemoteSwiftPackageReference section */
		344D60E82A112CA2005FCEA6 /* XCRemoteSwiftPackageReference "EmojiPicker" */ = {
			isa = XCRemoteSwiftPackageReference;
			repositoryURL = "https://github.com/Kelvas09/EmojiPicker.git";
			requirement = {
				kind = upToNextMajorVersion;
				minimumVersion = 1.0.0;
			};
		};
		346879C9298858AF002F3B5E /* XCRemoteSwiftPackageReference "socket.io-client-swift" */ = {
			isa = XCRemoteSwiftPackageReference;
			repositoryURL = "https://github.com/socketio/socket.io-client-swift.git";
			requirement = {
				branch = master;
				kind = branch;
			};
		};
		F09DFA862A4848F4008D4DB1 /* XCRemoteSwiftPackageReference "ExyteMediaPicker" */ = {
			isa = XCRemoteSwiftPackageReference;
			repositoryURL = "https://github.com/exyte/ExyteMediaPicker.git";
			requirement = {
				kind = upToNextMajorVersion;
				minimumVersion = 1.0.0;
			};
		};
		F09DFA892A484BE6008D4DB1 /* XCRemoteSwiftPackageReference "FilePicker" */ = {
			isa = XCRemoteSwiftPackageReference;
			repositoryURL = "https://github.com/markrenaud/FilePicker.git";
			requirement = {
				kind = upToNextMajorVersion;
				minimumVersion = 1.0.0;
			};
		};
		F0AE43D62A68E70200A1E181 /* XCRemoteSwiftPackageReference "Kingfisher" */ = {
			isa = XCRemoteSwiftPackageReference;
			repositoryURL = "https://github.com/onevcat/Kingfisher.git";
			requirement = {
				kind = upToNextMajorVersion;
				minimumVersion = 7.0.0;
			};
		};
/* End XCRemoteSwiftPackageReference section */

/* Begin XCSwiftPackageProductDependency section */
		344D60E92A112CA2005FCEA6 /* EmojiPicker */ = {
			isa = XCSwiftPackageProductDependency;
			package = 344D60E82A112CA2005FCEA6 /* XCRemoteSwiftPackageReference "EmojiPicker" */;
			productName = EmojiPicker;
		};
		346879CA298858AF002F3B5E /* SocketIO */ = {
			isa = XCSwiftPackageProductDependency;
			package = 346879C9298858AF002F3B5E /* XCRemoteSwiftPackageReference "socket.io-client-swift" */;
			productName = SocketIO;
		};
		F09DFA872A4848F4008D4DB1 /* ExyteMediaPicker */ = {
			isa = XCSwiftPackageProductDependency;
			package = F09DFA862A4848F4008D4DB1 /* XCRemoteSwiftPackageReference "ExyteMediaPicker" */;
			productName = ExyteMediaPicker;
		};
		F09DFA8A2A484BE6008D4DB1 /* FilePicker */ = {
			isa = XCSwiftPackageProductDependency;
			package = F09DFA892A484BE6008D4DB1 /* XCRemoteSwiftPackageReference "FilePicker" */;
			productName = FilePicker;
		};
		F0AE43D72A68E70200A1E181 /* Kingfisher */ = {
			isa = XCSwiftPackageProductDependency;
			package = F0AE43D62A68E70200A1E181 /* XCRemoteSwiftPackageReference "Kingfisher" */;
			productName = Kingfisher;
		};
/* End XCSwiftPackageProductDependency section */

/* Begin XCVersionGroup section */
		34938E142967CE6900EA95CF /* Data.xcdatamodeld */ = {
			isa = XCVersionGroup;
			children = (
				34938E152967CE6900EA95CF /* Channels.xcdatamodel */,
			);
			currentVersion = 34938E152967CE6900EA95CF /* Channels.xcdatamodel */;
			path = Data.xcdatamodeld;
			sourceTree = "<group>";
			versionGroupType = wrapper.xcdatamodel;
		};
/* End XCVersionGroup section */
	};
	rootObject = 341065D32962E1DA001644B0 /* Project object */;
}
